
Microsoft Visual Studio Solution File, Format Version 12.00
# Visual Studio 14
VisualStudioVersion = 14.0.25420.1
MinimumVisualStudioVersion = 10.0.40219.1
Project("{FAE04EC0-301F-11D3-BF4B-00C04F79EFBC}") = "KVLite.NuGet", "NuGet Packagers\KVLite.NuGet\KVLite.NuGet.csproj", "{0451BAEF-DF2E-4B98-8644-94EE9415E389}"
EndProject
Project("{2150E333-8FDC-42A3-9474-1A3956D46DE8}") = "Solution Items", "Solution Items", "{CB218631-52E1-43BC-971F-94784A43B73E}"
	ProjectSection(SolutionItems) = preProject
		appveyor.yml = appveyor.yml
		CHANGELOG.md = CHANGELOG.md
		LICENSE.md = LICENSE.md
		pomma89.snk = pomma89.snk
		README.md = README.md
		VERSION.md = VERSION.md
	EndProjectSection
EndProject
Project("{FAE04EC0-301F-11D3-BF4B-00C04F79EFBC}") = "KVLite.Benchmarks", "KVLite.Benchmarks\KVLite.Benchmarks.csproj", "{B082811A-E830-4CB0-8D7F-5FB31B001052}"
EndProject
Project("{2150E333-8FDC-42A3-9474-1A3956D46DE8}") = "Project Logo", "Project Logo", "{FDFAC957-0093-481B-82B5-465777E8160B}"
	ProjectSection(SolutionItems) = preProject
		Project Logo\logo-128.png = Project Logo\logo-128.png
		Project Logo\logo-256.png = Project Logo\logo-256.png
		Project Logo\logo-32.png = Project Logo\logo-32.png
		Project Logo\logo-64.png = Project Logo\logo-64.png
		Project Logo\logo-modified.png = Project Logo\logo-modified.png
		Project Logo\logo-original.png = Project Logo\logo-original.png
	EndProjectSection
EndProject
Project("{2150E333-8FDC-42A3-9474-1A3956D46DE8}") = "Documentation", "Documentation", "{EFEDDCD8-239A-4197-B666-9A0D3795F8BC}"
	ProjectSection(SolutionItems) = preProject
		Documentation\Including SQLite.Interop.dll into your C# project.pdf = Documentation\Including SQLite.Interop.dll into your C# project.pdf
		Documentation\SQLite Performance Tuning.pdf = Documentation\SQLite Performance Tuning.pdf
		Documentation\Universal System.Data.SQLite binary for .NET and Mono.pdf = Documentation\Universal System.Data.SQLite binary for .NET and Mono.pdf
	EndProjectSection
EndProject
Project("{FAE04EC0-301F-11D3-BF4B-00C04F79EFBC}") = "KVLite.Examples.Nancy", "KVLite.Examples.Nancy\KVLite.Examples.Nancy.csproj", "{ED638DD5-E755-4B7A-940D-5C94AB425686}"
EndProject
Project("{FAE04EC0-301F-11D3-BF4B-00C04F79EFBC}") = "KVLite.Examples.WebApi", "KVLite.Examples.WebApi\KVLite.Examples.WebApi.csproj", "{00CCC8C6-1415-4F6B-B830-1CBBB7F87CCF}"
EndProject
Project("{FAE04EC0-301F-11D3-BF4B-00C04F79EFBC}") = "KVLite.Examples", "KVLite.Examples\KVLite.Examples.csproj", "{B5A6DAE9-7620-47A8-8D00-4CEB00117717}"
EndProject
Project("{FAE04EC0-301F-11D3-BF4B-00C04F79EFBC}") = "KVLite.NuGet.Core", "NuGet Packagers\KVLite.NuGet.Core\KVLite.NuGet.Core.csproj", "{BC783C22-1518-4F7A-944A-8E095C9B5930}"
	ProjectSection(ProjectDependencies) = postProject
		{3768FF1C-ADE5-4C9D-9C00-CACB0CE40809} = {3768FF1C-ADE5-4C9D-9C00-CACB0CE40809}
		{E1FA772F-C6F4-4333-8BB6-8BF6F252CACB} = {E1FA772F-C6F4-4333-8BB6-8BF6F252CACB}
		{B81FCA47-A533-4FFB-B202-F6E07668EB66} = {B81FCA47-A533-4FFB-B202-F6E07668EB66}
	EndProjectSection
EndProject
Project("{FAE04EC0-301F-11D3-BF4B-00C04F79EFBC}") = "KVLite.NuGet.Nancy", "NuGet Packagers\KVLite.NuGet.Nancy\KVLite.NuGet.Nancy.csproj", "{7CDA6E66-C207-4378-B476-77B50B0DC756}"
	ProjectSection(ProjectDependencies) = postProject
		{64145A81-F369-4863-B02B-D4C14ADB883E} = {64145A81-F369-4863-B02B-D4C14ADB883E}
		{6F8516A0-5E50-44B2-AA8F-A3AB285F513E} = {6F8516A0-5E50-44B2-AA8F-A3AB285F513E}
		{442146BE-4713-4D3F-BE9D-635FD50D70BB} = {442146BE-4713-4D3F-BE9D-635FD50D70BB}
	EndProjectSection
EndProject
Project("{FAE04EC0-301F-11D3-BF4B-00C04F79EFBC}") = "KVLite.NuGet.WebApi", "NuGet Packagers\KVLite.NuGet.WebApi\KVLite.NuGet.WebApi.csproj", "{5973B3A7-1F9A-49C8-BBD4-DE4CAEA1DC8B}"
	ProjectSection(ProjectDependencies) = postProject
		{23B87A0B-DF68-432B-B75C-4D73AECFA6E3} = {23B87A0B-DF68-432B-B75C-4D73AECFA6E3}
		{CC96EA69-DCC3-4D9E-BB6A-ACED0C479EF3} = {CC96EA69-DCC3-4D9E-BB6A-ACED0C479EF3}
		{3463D66A-BAC1-4E3C-AE69-B3D1CD12C13D} = {3463D66A-BAC1-4E3C-AE69-B3D1CD12C13D}
	EndProjectSection
EndProject
Project("{2150E333-8FDC-42A3-9474-1A3956D46DE8}") = "NuGet Packagers", "NuGet Packagers", "{A4471ECD-23FA-4D4E-B343-E2478BCABAE2}"
EndProject
Project("{2150E333-8FDC-42A3-9474-1A3956D46DE8}") = "Platform Specific", "Platform Specific", "{58F3B79E-836C-4A4C-B993-DF9983AEF5AA}"
EndProject
Project("{FAE04EC0-301F-11D3-BF4B-00C04F79EFBC}") = "KVLite.Nancy.NET40", "Platform Specific\KVLite.Nancy.NET40\KVLite.Nancy.NET40.csproj", "{442146BE-4713-4D3F-BE9D-635FD50D70BB}"
EndProject
Project("{FAE04EC0-301F-11D3-BF4B-00C04F79EFBC}") = "KVLite.Nancy.NET45", "Platform Specific\KVLite.Nancy.NET45\KVLite.Nancy.NET45.csproj", "{64145A81-F369-4863-B02B-D4C14ADB883E}"
EndProject
Project("{FAE04EC0-301F-11D3-BF4B-00C04F79EFBC}") = "KVLite.Nancy.NET46", "Platform Specific\KVLite.Nancy.NET46\KVLite.Nancy.NET46.csproj", "{6F8516A0-5E50-44B2-AA8F-A3AB285F513E}"
EndProject
Project("{D954291E-2A0B-460D-934E-DC6B0785DB48}") = "KVLite.Nancy", "KVLite.Nancy\KVLite.Nancy.shproj", "{7F11C0E7-F781-4543-A013-B129A72646A4}"
EndProject
Project("{FAE04EC0-301F-11D3-BF4B-00C04F79EFBC}") = "KVLite.NET40", "Platform Specific\KVLite.NET40\KVLite.NET40.csproj", "{B81FCA47-A533-4FFB-B202-F6E07668EB66}"
EndProject
Project("{FAE04EC0-301F-11D3-BF4B-00C04F79EFBC}") = "KVLite.WebApi.NET40", "Platform Specific\KVLite.WebApi.NET40\KVLite.WebApi.NET40.csproj", "{23B87A0B-DF68-432B-B75C-4D73AECFA6E3}"
EndProject
Project("{FAE04EC0-301F-11D3-BF4B-00C04F79EFBC}") = "KVLite.NET45", "Platform Specific\KVLite.NET45\KVLite.NET45.csproj", "{E1FA772F-C6F4-4333-8BB6-8BF6F252CACB}"
EndProject
Project("{FAE04EC0-301F-11D3-BF4B-00C04F79EFBC}") = "KVLite.WebApi.NET45", "Platform Specific\KVLite.WebApi.NET45\KVLite.WebApi.NET45.csproj", "{CC96EA69-DCC3-4D9E-BB6A-ACED0C479EF3}"
EndProject
Project("{FAE04EC0-301F-11D3-BF4B-00C04F79EFBC}") = "KVLite.UnitTests.NET45", "Platform Specific\KVLite.UnitTests.NET45\KVLite.UnitTests.NET45.csproj", "{BBE6492A-198E-499E-ADD5-E8C904EC8182}"
	ProjectSection(ProjectDependencies) = postProject
		{3183FEE9-F71C-48B6-B485-64AE2F208C73} = {3183FEE9-F71C-48B6-B485-64AE2F208C73}
	EndProjectSection
EndProject
Project("{FAE04EC0-301F-11D3-BF4B-00C04F79EFBC}") = "KVLite.NET46", "Platform Specific\KVLite.NET46\KVLite.NET46.csproj", "{3768FF1C-ADE5-4C9D-9C00-CACB0CE40809}"
EndProject
Project("{FAE04EC0-301F-11D3-BF4B-00C04F79EFBC}") = "KVLite.WebApi.NET46", "Platform Specific\KVLite.WebApi.NET46\KVLite.WebApi.NET46.csproj", "{3463D66A-BAC1-4E3C-AE69-B3D1CD12C13D}"
EndProject
Project("{D954291E-2A0B-460D-934E-DC6B0785DB48}") = "KVLite", "KVLite\KVLite.shproj", "{0FC92C9C-B90C-4D2F-9EE7-2F3C4B06FDD2}"
EndProject
Project("{D954291E-2A0B-460D-934E-DC6B0785DB48}") = "KVLite.WebApi", "KVLite.WebApi\KVLite.WebApi.shproj", "{09D76014-4670-4977-B9DB-6445649C862B}"
EndProject
Project("{D954291E-2A0B-460D-934E-DC6B0785DB48}") = "KVLite.UnitTests", "KVLite.UnitTests\KVLite.UnitTests.shproj", "{50E7C4C0-0723-41AA-BD2D-0B31CA2CC67D}"
EndProject
Project("{D954291E-2A0B-460D-934E-DC6B0785DB48}") = "KVLite.EntityFramework", "KVLite.EntityFramework\KVLite.EntityFramework.shproj", "{20B7F10E-AA70-4DE6-839A-00978375D290}"
EndProject
Project("{FAE04EC0-301F-11D3-BF4B-00C04F79EFBC}") = "KVLite.EntityFramework.NET46", "Platform Specific\KVLite.EntityFramework.NET46\KVLite.EntityFramework.NET46.csproj", "{BC14BAF7-BBB6-4FBC-B472-0517AC48881C}"
EndProject
Project("{FAE04EC0-301F-11D3-BF4B-00C04F79EFBC}") = "KVLite.EntityFramework.NET45", "Platform Specific\KVLite.EntityFramework.NET45\KVLite.EntityFramework.NET45.csproj", "{D3F95E04-5400-46B2-AF46-D8809FB8BCB0}"
EndProject
Project("{FAE04EC0-301F-11D3-BF4B-00C04F79EFBC}") = "KVLite.EntityFramework.NET40", "Platform Specific\KVLite.EntityFramework.NET40\KVLite.EntityFramework.NET40.csproj", "{0AA94325-2BFB-449A-A6A6-C10E9C0FA65B}"
EndProject
Project("{FAE04EC0-301F-11D3-BF4B-00C04F79EFBC}") = "KVLite.NuGet.EntityFramework", "NuGet Packagers\KVLite.NuGet.EntityFramework\KVLite.NuGet.EntityFramework.csproj", "{AEADC469-D102-4B37-9973-ED3F04227A8D}"
	ProjectSection(ProjectDependencies) = postProject
		{D3F95E04-5400-46B2-AF46-D8809FB8BCB0} = {D3F95E04-5400-46B2-AF46-D8809FB8BCB0}
		{0AA94325-2BFB-449A-A6A6-C10E9C0FA65B} = {0AA94325-2BFB-449A-A6A6-C10E9C0FA65B}
		{BC14BAF7-BBB6-4FBC-B472-0517AC48881C} = {BC14BAF7-BBB6-4FBC-B472-0517AC48881C}
	EndProjectSection
EndProject
Project("{D954291E-2A0B-460D-934E-DC6B0785DB48}") = "KVLite.WebForms", "KVLite.WebForms\KVLite.WebForms.shproj", "{2B0DFD0C-5762-46D2-BBDB-DA11D31A3ACC}"
EndProject
Project("{FAE04EC0-301F-11D3-BF4B-00C04F79EFBC}") = "KVLite.WebForms.NET45", "Platform Specific\KVLite.WebForms.NET45\KVLite.WebForms.NET45.csproj", "{3183FEE9-F71C-48B6-B485-64AE2F208C73}"
EndProject
Project("{FAE04EC0-301F-11D3-BF4B-00C04F79EFBC}") = "KVLite.WebForms.NET40", "Platform Specific\KVLite.WebForms.NET40\KVLite.WebForms.NET40.csproj", "{130B3DE5-0E0F-440D-982E-CFC1FC4AC4FA}"
EndProject
Project("{FAE04EC0-301F-11D3-BF4B-00C04F79EFBC}") = "KVLite.WebForms.NET46", "Platform Specific\KVLite.WebForms.NET46\KVLite.WebForms.NET46.csproj", "{6DE6294A-CED3-4E53-85FB-60B9FEAD1FE7}"
EndProject
Project("{FAE04EC0-301F-11D3-BF4B-00C04F79EFBC}") = "KVLite.NuGet.WebForms", "NuGet Packagers\KVLite.NuGet.WebForms\KVLite.NuGet.WebForms.csproj", "{E40332D9-D540-4582-825C-008E2F125D42}"
	ProjectSection(ProjectDependencies) = postProject
		{6DE6294A-CED3-4E53-85FB-60B9FEAD1FE7} = {6DE6294A-CED3-4E53-85FB-60B9FEAD1FE7}
		{130B3DE5-0E0F-440D-982E-CFC1FC4AC4FA} = {130B3DE5-0E0F-440D-982E-CFC1FC4AC4FA}
		{3183FEE9-F71C-48B6-B485-64AE2F208C73} = {3183FEE9-F71C-48B6-B485-64AE2F208C73}
	EndProjectSection
EndProject
Project("{FAE04EC0-301F-11D3-BF4B-00C04F79EFBC}") = "KVLite.NuGet.SQLite", "NuGet Packagers\KVLite.NuGet.SQLite\KVLite.NuGet.SQLite.csproj", "{3A60BAC5-2B90-4749-8D49-0CEFB2D2054D}"
	ProjectSection(ProjectDependencies) = postProject
		{50C2C651-1ACF-44F6-AD95-EFEDB75BCBD1} = {50C2C651-1ACF-44F6-AD95-EFEDB75BCBD1}
		{7ADAA28F-E4AB-41EF-A29C-8DE4E1E7A429} = {7ADAA28F-E4AB-41EF-A29C-8DE4E1E7A429}
		{6283E69E-3528-4F3A-BA93-C04962137D85} = {6283E69E-3528-4F3A-BA93-C04962137D85}
	EndProjectSection
EndProject
Project("{FAE04EC0-301F-11D3-BF4B-00C04F79EFBC}") = "KVLite.Examples.WebForms", "KVLite.Examples.WebForms\KVLite.Examples.WebForms.csproj", "{02AE0BEA-762D-4034-AB7C-F7A165E282F7}"
EndProject
Project("{D954291E-2A0B-460D-934E-DC6B0785DB48}") = "KVLite.SQLite", "KVLite.SQLite\KVLite.SQLite.shproj", "{A8DB2A6A-6B57-457A-996F-5519FCB51862}"
EndProject
Project("{FAE04EC0-301F-11D3-BF4B-00C04F79EFBC}") = "KVLite.SQLite.NET45", "Platform Specific\KVLite.SQLite.NET45\KVLite.SQLite.NET45.csproj", "{7ADAA28F-E4AB-41EF-A29C-8DE4E1E7A429}"
EndProject
Project("{FAE04EC0-301F-11D3-BF4B-00C04F79EFBC}") = "KVLite.SQLite.NET46", "Platform Specific\KVLite.SQLite.NET46\KVLite.SQLite.NET46.csproj", "{50C2C651-1ACF-44F6-AD95-EFEDB75BCBD1}"
EndProject
Project("{FAE04EC0-301F-11D3-BF4B-00C04F79EFBC}") = "KVLite.SQLite.NET40", "Platform Specific\KVLite.SQLite.NET40\KVLite.SQLite.NET40.csproj", "{6283E69E-3528-4F3A-BA93-C04962137D85}"
EndProject
Project("{D954291E-2A0B-460D-934E-DC6B0785DB48}") = "KVLite.MySql", "KVLite.MySql\KVLite.MySql.shproj", "{C072C3DF-1977-4614-83E1-95834B21FC75}"
EndProject
Project("{2150E333-8FDC-42A3-9474-1A3956D46DE8}") = "Drivers", "Drivers", "{1E130C3D-7644-4DC2-AEA3-46CFEC48D75F}"
EndProject
Project("{FAE04EC0-301F-11D3-BF4B-00C04F79EFBC}") = "KVLite.MySql.NET46", "Platform Specific\KVLite.MySql.NET46\KVLite.MySql.NET46.csproj", "{0CA0C2E8-19DF-43D5-B7D7-1D3817E3B90A}"
EndProject
Project("{D954291E-2A0B-460D-934E-DC6B0785DB48}") = "KVLite.Oracle", "KVLite.Oracle\KVLite.Oracle.shproj", "{75562B35-0887-4DFD-A3E3-7332C4B9E199}"
EndProject
Project("{D954291E-2A0B-460D-934E-DC6B0785DB48}") = "KVLite.SqlServer", "KVLite.SqlServer\KVLite.SqlServer.shproj", "{DE174CAB-29CD-448B-AA3D-9F2787EF4E6B}"
EndProject
Project("{FAE04EC0-301F-11D3-BF4B-00C04F79EFBC}") = "KVLite.Oracle.NET46", "Platform Specific\KVLite.Oracle.NET46\KVLite.Oracle.NET46.csproj", "{338092AA-D244-48B3-A2DF-DF04441B0C05}"
EndProject
Project("{FAE04EC0-301F-11D3-BF4B-00C04F79EFBC}") = "KVLite.SqlServer.NET46", "Platform Specific\KVLite.SqlServer.NET46\KVLite.SqlServer.NET46.csproj", "{A6EE205B-B23D-47B8-9561-A82E098D8BE5}"
EndProject
Project("{FAE04EC0-301F-11D3-BF4B-00C04F79EFBC}") = "KVLite.MySql.NET45", "Platform Specific\KVLite.MySql.NET45\KVLite.MySql.NET45.csproj", "{39AF8970-CE4D-4167-ADBF-44E5150EC065}"
EndProject
Project("{FAE04EC0-301F-11D3-BF4B-00C04F79EFBC}") = "KVLite.Oracle.NET45", "Platform Specific\KVLite.Oracle.NET45\KVLite.Oracle.NET45.csproj", "{FEA12E06-B27F-48D3-BC35-2A22FA97C67D}"
EndProject
Project("{FAE04EC0-301F-11D3-BF4B-00C04F79EFBC}") = "KVLite.SqlServer.NET45", "Platform Specific\KVLite.SqlServer.NET45\KVLite.SqlServer.NET45.csproj", "{34E25DD1-948F-4DA4-BA0C-7FA53DB7268F}"
EndProject
Project("{FAE04EC0-301F-11D3-BF4B-00C04F79EFBC}") = "KVLite.MySql.NET40", "Platform Specific\KVLite.MySql.NET40\KVLite.MySql.NET40.csproj", "{E70B49F6-02FC-452E-958C-BE1575BCC8F0}"
EndProject
Project("{FAE04EC0-301F-11D3-BF4B-00C04F79EFBC}") = "KVLite.SqlServer.NET40", "Platform Specific\KVLite.SqlServer.NET40\KVLite.SqlServer.NET40.csproj", "{4522D488-E358-4330-9ED3-3263BC1F5434}"
EndProject
Project("{FAE04EC0-301F-11D3-BF4B-00C04F79EFBC}") = "KVLite.NuGet.Oracle", "NuGet Packagers\KVLite.NuGet.Oracle\KVLite.NuGet.Oracle.csproj", "{3C2AFC7F-0EC1-4BD1-B152-A8763B16BDEB}"
	ProjectSection(ProjectDependencies) = postProject
		{FEA12E06-B27F-48D3-BC35-2A22FA97C67D} = {FEA12E06-B27F-48D3-BC35-2A22FA97C67D}
		{338092AA-D244-48B3-A2DF-DF04441B0C05} = {338092AA-D244-48B3-A2DF-DF04441B0C05}
	EndProjectSection
EndProject
Project("{FAE04EC0-301F-11D3-BF4B-00C04F79EFBC}") = "KVLite.NuGet.MySql", "NuGet Packagers\KVLite.NuGet.MySql\KVLite.NuGet.MySql.csproj", "{30557A42-B21C-4D95-BC6A-C472D9183EE8}"
	ProjectSection(ProjectDependencies) = postProject
		{39AF8970-CE4D-4167-ADBF-44E5150EC065} = {39AF8970-CE4D-4167-ADBF-44E5150EC065}
		{0CA0C2E8-19DF-43D5-B7D7-1D3817E3B90A} = {0CA0C2E8-19DF-43D5-B7D7-1D3817E3B90A}
		{E70B49F6-02FC-452E-958C-BE1575BCC8F0} = {E70B49F6-02FC-452E-958C-BE1575BCC8F0}
	EndProjectSection
EndProject
Project("{FAE04EC0-301F-11D3-BF4B-00C04F79EFBC}") = "KVLite.NuGet.SqlServer", "NuGet Packagers\KVLite.NuGet.SqlServer\KVLite.NuGet.SqlServer.csproj", "{C0C58B27-4855-4637-9377-9EF01C5EB2FB}"
	ProjectSection(ProjectDependencies) = postProject
		{A6EE205B-B23D-47B8-9561-A82E098D8BE5} = {A6EE205B-B23D-47B8-9561-A82E098D8BE5}
		{4522D488-E358-4330-9ED3-3263BC1F5434} = {4522D488-E358-4330-9ED3-3263BC1F5434}
		{34E25DD1-948F-4DA4-BA0C-7FA53DB7268F} = {34E25DD1-948F-4DA4-BA0C-7FA53DB7268F}
	EndProjectSection
EndProject
Global
	GlobalSection(SharedMSBuildProjectFiles) = preSolution
		KVLite.WebApi\KVLite.WebApi.projitems*{09d76014-4670-4977-b9db-6445649c862b}*SharedItemsImports = 13
		KVLite.EntityFramework\KVLite.EntityFramework.projitems*{0aa94325-2bfb-449a-a6a6-c10e9c0fa65b}*SharedItemsImports = 4
		KVLite.MySql\KVLite.MySql.projitems*{0ca0c2e8-19df-43d5-b7d7-1d3817e3b90a}*SharedItemsImports = 4
		KVLite\KVLite.projitems*{0fc92c9c-b90c-4d2f-9ee7-2f3c4b06fdd2}*SharedItemsImports = 13
		KVLite.WebForms\KVLite.WebForms.projitems*{130b3de5-0e0f-440d-982e-cfc1fc4ac4fa}*SharedItemsImports = 4
		KVLite.EntityFramework\KVLite.EntityFramework.projitems*{20b7f10e-aa70-4de6-839a-00978375d290}*SharedItemsImports = 13
		KVLite.WebApi\KVLite.WebApi.projitems*{23b87a0b-df68-432b-b75c-4d73aecfa6e3}*SharedItemsImports = 4
		KVLite.WebForms\KVLite.WebForms.projitems*{2b0dfd0c-5762-46d2-bbdb-da11d31a3acc}*SharedItemsImports = 13
		KVLite.WebForms\KVLite.WebForms.projitems*{3183fee9-f71c-48b6-b485-64ae2f208c73}*SharedItemsImports = 4
		KVLite.Oracle\KVLite.Oracle.projitems*{338092aa-d244-48b3-a2df-df04441b0c05}*SharedItemsImports = 4
		KVLite.WebApi\KVLite.WebApi.projitems*{3463d66a-bac1-4e3c-ae69-b3d1cd12c13d}*SharedItemsImports = 4
		KVLite.SqlServer\KVLite.SqlServer.projitems*{34e25dd1-948f-4da4-ba0c-7fa53db7268f}*SharedItemsImports = 4
		KVLite\KVLite.projitems*{3768ff1c-ade5-4c9d-9c00-cacb0ce40809}*SharedItemsImports = 4
		KVLite.MySql\KVLite.MySql.projitems*{39af8970-ce4d-4167-adbf-44e5150ec065}*SharedItemsImports = 4
		KVLite.Nancy\KVLite.Nancy.projitems*{442146be-4713-4d3f-be9d-635fd50d70bb}*SharedItemsImports = 4
		KVLite.SqlServer\KVLite.SqlServer.projitems*{4522d488-e358-4330-9ed3-3263bc1f5434}*SharedItemsImports = 4
		KVLite.SQLite\KVLite.SQLite.projitems*{50c2c651-1acf-44f6-ad95-efedb75bcbd1}*SharedItemsImports = 4
		KVLite.UnitTests\KVLite.UnitTests.projitems*{50e7c4c0-0723-41aa-bd2d-0b31ca2cc67d}*SharedItemsImports = 13
		KVLite.SQLite\KVLite.SQLite.projitems*{6283e69e-3528-4f3a-ba93-c04962137d85}*SharedItemsImports = 4
		KVLite.Nancy\KVLite.Nancy.projitems*{64145a81-f369-4863-b02b-d4c14adb883e}*SharedItemsImports = 4
		KVLite.WebForms\KVLite.WebForms.projitems*{6de6294a-ced3-4e53-85fb-60b9fead1fe7}*SharedItemsImports = 4
		KVLite.Nancy\KVLite.Nancy.projitems*{6f8516a0-5e50-44b2-aa8f-a3ab285f513e}*SharedItemsImports = 4
		KVLite.Oracle\KVLite.Oracle.projitems*{75562b35-0887-4dfd-a3e3-7332c4b9e199}*SharedItemsImports = 13
		KVLite.SQLite\KVLite.SQLite.projitems*{7adaa28f-e4ab-41ef-a29c-8de4e1e7a429}*SharedItemsImports = 4
		KVLite.Nancy\KVLite.Nancy.projitems*{7f11c0e7-f781-4543-a013-b129a72646a4}*SharedItemsImports = 13
		KVLite.SqlServer\KVLite.SqlServer.projitems*{a6ee205b-b23d-47b8-9561-a82e098d8be5}*SharedItemsImports = 4
		KVLite.SQLite\KVLite.SQLite.projitems*{a8db2a6a-6b57-457a-996f-5519fcb51862}*SharedItemsImports = 13
		KVLite\KVLite.projitems*{b81fca47-a533-4ffb-b202-f6e07668eb66}*SharedItemsImports = 4
		KVLite.UnitTests\KVLite.UnitTests.projitems*{bbe6492a-198e-499e-add5-e8c904ec8182}*SharedItemsImports = 4
		KVLite.EntityFramework\KVLite.EntityFramework.projitems*{bc14baf7-bbb6-4fbc-b472-0517ac48881c}*SharedItemsImports = 4
		KVLite.MySql\KVLite.MySql.projitems*{c072c3df-1977-4614-83e1-95834b21fc75}*SharedItemsImports = 13
		KVLite.WebApi\KVLite.WebApi.projitems*{cc96ea69-dcc3-4d9e-bb6a-aced0c479ef3}*SharedItemsImports = 4
		KVLite.EntityFramework\KVLite.EntityFramework.projitems*{d3f95e04-5400-46b2-af46-d8809fb8bcb0}*SharedItemsImports = 4
		KVLite.SqlServer\KVLite.SqlServer.projitems*{de174cab-29cd-448b-aa3d-9f2787ef4e6b}*SharedItemsImports = 13
		KVLite\KVLite.projitems*{e1fa772f-c6f4-4333-8bb6-8bf6f252cacb}*SharedItemsImports = 4
		KVLite.MySql\KVLite.MySql.projitems*{e70b49f6-02fc-452e-958c-be1575bcc8f0}*SharedItemsImports = 4
		KVLite.Oracle\KVLite.Oracle.projitems*{fea12e06-b27f-48d3-bc35-2a22fa97c67d}*SharedItemsImports = 4
	EndGlobalSection
	GlobalSection(SolutionConfigurationPlatforms) = preSolution
		Debug|Any CPU = Debug|Any CPU
		Debug|x86 = Debug|x86
		Publish|Any CPU = Publish|Any CPU
		Publish|x86 = Publish|x86
		Release|Any CPU = Release|Any CPU
		Release|x86 = Release|x86
	EndGlobalSection
	GlobalSection(ProjectConfigurationPlatforms) = postSolution
		{0451BAEF-DF2E-4B98-8644-94EE9415E389}.Debug|Any CPU.ActiveCfg = Debug|Any CPU
		{0451BAEF-DF2E-4B98-8644-94EE9415E389}.Debug|x86.ActiveCfg = Debug|Any CPU
		{0451BAEF-DF2E-4B98-8644-94EE9415E389}.Publish|Any CPU.ActiveCfg = Debug|Any CPU
		{0451BAEF-DF2E-4B98-8644-94EE9415E389}.Publish|Any CPU.Build.0 = Debug|Any CPU
		{0451BAEF-DF2E-4B98-8644-94EE9415E389}.Publish|x86.ActiveCfg = Release|Any CPU
		{0451BAEF-DF2E-4B98-8644-94EE9415E389}.Release|Any CPU.ActiveCfg = Debug|Any CPU
		{0451BAEF-DF2E-4B98-8644-94EE9415E389}.Release|x86.ActiveCfg = Release|Any CPU
		{B082811A-E830-4CB0-8D7F-5FB31B001052}.Debug|Any CPU.ActiveCfg = Debug|Any CPU
		{B082811A-E830-4CB0-8D7F-5FB31B001052}.Debug|Any CPU.Build.0 = Debug|Any CPU
		{B082811A-E830-4CB0-8D7F-5FB31B001052}.Debug|x86.ActiveCfg = Debug|Any CPU
		{B082811A-E830-4CB0-8D7F-5FB31B001052}.Publish|Any CPU.ActiveCfg = Release|Any CPU
		{B082811A-E830-4CB0-8D7F-5FB31B001052}.Publish|x86.ActiveCfg = Release|Any CPU
		{B082811A-E830-4CB0-8D7F-5FB31B001052}.Release|Any CPU.ActiveCfg = Release|Any CPU
		{B082811A-E830-4CB0-8D7F-5FB31B001052}.Release|Any CPU.Build.0 = Release|Any CPU
		{B082811A-E830-4CB0-8D7F-5FB31B001052}.Release|x86.ActiveCfg = Release|Any CPU
		{ED638DD5-E755-4B7A-940D-5C94AB425686}.Debug|Any CPU.ActiveCfg = Debug|Any CPU
		{ED638DD5-E755-4B7A-940D-5C94AB425686}.Debug|Any CPU.Build.0 = Debug|Any CPU
		{ED638DD5-E755-4B7A-940D-5C94AB425686}.Debug|x86.ActiveCfg = Debug|Any CPU
		{ED638DD5-E755-4B7A-940D-5C94AB425686}.Publish|Any CPU.ActiveCfg = Release|Any CPU
		{ED638DD5-E755-4B7A-940D-5C94AB425686}.Publish|x86.ActiveCfg = Release|Any CPU
		{ED638DD5-E755-4B7A-940D-5C94AB425686}.Release|Any CPU.ActiveCfg = Release|Any CPU
		{ED638DD5-E755-4B7A-940D-5C94AB425686}.Release|Any CPU.Build.0 = Release|Any CPU
		{ED638DD5-E755-4B7A-940D-5C94AB425686}.Release|x86.ActiveCfg = Release|Any CPU
		{00CCC8C6-1415-4F6B-B830-1CBBB7F87CCF}.Debug|Any CPU.ActiveCfg = Debug|Any CPU
		{00CCC8C6-1415-4F6B-B830-1CBBB7F87CCF}.Debug|Any CPU.Build.0 = Debug|Any CPU
		{00CCC8C6-1415-4F6B-B830-1CBBB7F87CCF}.Debug|x86.ActiveCfg = Debug|Any CPU
		{00CCC8C6-1415-4F6B-B830-1CBBB7F87CCF}.Publish|Any CPU.ActiveCfg = Release|Any CPU
		{00CCC8C6-1415-4F6B-B830-1CBBB7F87CCF}.Publish|x86.ActiveCfg = Release|Any CPU
		{00CCC8C6-1415-4F6B-B830-1CBBB7F87CCF}.Release|Any CPU.ActiveCfg = Release|Any CPU
		{00CCC8C6-1415-4F6B-B830-1CBBB7F87CCF}.Release|Any CPU.Build.0 = Release|Any CPU
		{00CCC8C6-1415-4F6B-B830-1CBBB7F87CCF}.Release|x86.ActiveCfg = Release|Any CPU
		{B5A6DAE9-7620-47A8-8D00-4CEB00117717}.Debug|Any CPU.ActiveCfg = Debug|Any CPU
		{B5A6DAE9-7620-47A8-8D00-4CEB00117717}.Debug|Any CPU.Build.0 = Debug|Any CPU
		{B5A6DAE9-7620-47A8-8D00-4CEB00117717}.Debug|x86.ActiveCfg = Debug|Any CPU
		{B5A6DAE9-7620-47A8-8D00-4CEB00117717}.Publish|Any CPU.ActiveCfg = Release|Any CPU
		{B5A6DAE9-7620-47A8-8D00-4CEB00117717}.Publish|x86.ActiveCfg = Release|Any CPU
		{B5A6DAE9-7620-47A8-8D00-4CEB00117717}.Release|Any CPU.ActiveCfg = Release|Any CPU
		{B5A6DAE9-7620-47A8-8D00-4CEB00117717}.Release|Any CPU.Build.0 = Release|Any CPU
		{B5A6DAE9-7620-47A8-8D00-4CEB00117717}.Release|x86.ActiveCfg = Release|Any CPU
		{BC783C22-1518-4F7A-944A-8E095C9B5930}.Debug|Any CPU.ActiveCfg = Debug|Any CPU
		{BC783C22-1518-4F7A-944A-8E095C9B5930}.Debug|x86.ActiveCfg = Debug|Any CPU
		{BC783C22-1518-4F7A-944A-8E095C9B5930}.Publish|Any CPU.ActiveCfg = Debug|Any CPU
		{BC783C22-1518-4F7A-944A-8E095C9B5930}.Publish|Any CPU.Build.0 = Debug|Any CPU
		{BC783C22-1518-4F7A-944A-8E095C9B5930}.Publish|x86.ActiveCfg = Release|Any CPU
		{BC783C22-1518-4F7A-944A-8E095C9B5930}.Release|Any CPU.ActiveCfg = Debug|Any CPU
		{BC783C22-1518-4F7A-944A-8E095C9B5930}.Release|x86.ActiveCfg = Release|Any CPU
		{7CDA6E66-C207-4378-B476-77B50B0DC756}.Debug|Any CPU.ActiveCfg = Debug|Any CPU
		{7CDA6E66-C207-4378-B476-77B50B0DC756}.Debug|x86.ActiveCfg = Debug|Any CPU
		{7CDA6E66-C207-4378-B476-77B50B0DC756}.Publish|Any CPU.ActiveCfg = Debug|Any CPU
		{7CDA6E66-C207-4378-B476-77B50B0DC756}.Publish|Any CPU.Build.0 = Debug|Any CPU
		{7CDA6E66-C207-4378-B476-77B50B0DC756}.Publish|x86.ActiveCfg = Release|Any CPU
		{7CDA6E66-C207-4378-B476-77B50B0DC756}.Release|Any CPU.ActiveCfg = Debug|Any CPU
		{7CDA6E66-C207-4378-B476-77B50B0DC756}.Release|x86.ActiveCfg = Release|Any CPU
		{5973B3A7-1F9A-49C8-BBD4-DE4CAEA1DC8B}.Debug|Any CPU.ActiveCfg = Debug|Any CPU
		{5973B3A7-1F9A-49C8-BBD4-DE4CAEA1DC8B}.Debug|x86.ActiveCfg = Debug|Any CPU
		{5973B3A7-1F9A-49C8-BBD4-DE4CAEA1DC8B}.Publish|Any CPU.ActiveCfg = Debug|Any CPU
		{5973B3A7-1F9A-49C8-BBD4-DE4CAEA1DC8B}.Publish|Any CPU.Build.0 = Debug|Any CPU
		{5973B3A7-1F9A-49C8-BBD4-DE4CAEA1DC8B}.Publish|x86.ActiveCfg = Release|Any CPU
		{5973B3A7-1F9A-49C8-BBD4-DE4CAEA1DC8B}.Release|Any CPU.ActiveCfg = Debug|Any CPU
		{5973B3A7-1F9A-49C8-BBD4-DE4CAEA1DC8B}.Release|x86.ActiveCfg = Release|Any CPU
		{442146BE-4713-4D3F-BE9D-635FD50D70BB}.Debug|Any CPU.ActiveCfg = Debug|Any CPU
		{442146BE-4713-4D3F-BE9D-635FD50D70BB}.Debug|Any CPU.Build.0 = Debug|Any CPU
		{442146BE-4713-4D3F-BE9D-635FD50D70BB}.Debug|x86.ActiveCfg = Debug|Any CPU
		{442146BE-4713-4D3F-BE9D-635FD50D70BB}.Debug|x86.Build.0 = Debug|Any CPU
		{442146BE-4713-4D3F-BE9D-635FD50D70BB}.Publish|Any CPU.ActiveCfg = Release|Any CPU
		{442146BE-4713-4D3F-BE9D-635FD50D70BB}.Publish|Any CPU.Build.0 = Release|Any CPU
		{442146BE-4713-4D3F-BE9D-635FD50D70BB}.Publish|x86.ActiveCfg = Release|Any CPU
		{442146BE-4713-4D3F-BE9D-635FD50D70BB}.Publish|x86.Build.0 = Release|Any CPU
		{442146BE-4713-4D3F-BE9D-635FD50D70BB}.Release|Any CPU.ActiveCfg = Release|Any CPU
		{442146BE-4713-4D3F-BE9D-635FD50D70BB}.Release|Any CPU.Build.0 = Release|Any CPU
		{442146BE-4713-4D3F-BE9D-635FD50D70BB}.Release|x86.ActiveCfg = Release|Any CPU
		{442146BE-4713-4D3F-BE9D-635FD50D70BB}.Release|x86.Build.0 = Release|Any CPU
		{64145A81-F369-4863-B02B-D4C14ADB883E}.Debug|Any CPU.ActiveCfg = Debug|Any CPU
		{64145A81-F369-4863-B02B-D4C14ADB883E}.Debug|Any CPU.Build.0 = Debug|Any CPU
		{64145A81-F369-4863-B02B-D4C14ADB883E}.Debug|x86.ActiveCfg = Debug|Any CPU
		{64145A81-F369-4863-B02B-D4C14ADB883E}.Debug|x86.Build.0 = Debug|Any CPU
		{64145A81-F369-4863-B02B-D4C14ADB883E}.Publish|Any CPU.ActiveCfg = Release|Any CPU
		{64145A81-F369-4863-B02B-D4C14ADB883E}.Publish|Any CPU.Build.0 = Release|Any CPU
		{64145A81-F369-4863-B02B-D4C14ADB883E}.Publish|x86.ActiveCfg = Release|Any CPU
		{64145A81-F369-4863-B02B-D4C14ADB883E}.Publish|x86.Build.0 = Release|Any CPU
		{64145A81-F369-4863-B02B-D4C14ADB883E}.Release|Any CPU.ActiveCfg = Release|Any CPU
		{64145A81-F369-4863-B02B-D4C14ADB883E}.Release|Any CPU.Build.0 = Release|Any CPU
		{64145A81-F369-4863-B02B-D4C14ADB883E}.Release|x86.ActiveCfg = Release|Any CPU
		{64145A81-F369-4863-B02B-D4C14ADB883E}.Release|x86.Build.0 = Release|Any CPU
		{6F8516A0-5E50-44B2-AA8F-A3AB285F513E}.Debug|Any CPU.ActiveCfg = Debug|Any CPU
		{6F8516A0-5E50-44B2-AA8F-A3AB285F513E}.Debug|Any CPU.Build.0 = Debug|Any CPU
		{6F8516A0-5E50-44B2-AA8F-A3AB285F513E}.Debug|x86.ActiveCfg = Debug|Any CPU
		{6F8516A0-5E50-44B2-AA8F-A3AB285F513E}.Debug|x86.Build.0 = Debug|Any CPU
		{6F8516A0-5E50-44B2-AA8F-A3AB285F513E}.Publish|Any CPU.ActiveCfg = Release|Any CPU
		{6F8516A0-5E50-44B2-AA8F-A3AB285F513E}.Publish|Any CPU.Build.0 = Release|Any CPU
		{6F8516A0-5E50-44B2-AA8F-A3AB285F513E}.Publish|x86.ActiveCfg = Release|Any CPU
		{6F8516A0-5E50-44B2-AA8F-A3AB285F513E}.Publish|x86.Build.0 = Release|Any CPU
		{6F8516A0-5E50-44B2-AA8F-A3AB285F513E}.Release|Any CPU.ActiveCfg = Release|Any CPU
		{6F8516A0-5E50-44B2-AA8F-A3AB285F513E}.Release|Any CPU.Build.0 = Release|Any CPU
		{6F8516A0-5E50-44B2-AA8F-A3AB285F513E}.Release|x86.ActiveCfg = Release|Any CPU
		{6F8516A0-5E50-44B2-AA8F-A3AB285F513E}.Release|x86.Build.0 = Release|Any CPU
		{B81FCA47-A533-4FFB-B202-F6E07668EB66}.Debug|Any CPU.ActiveCfg = Debug|Any CPU
		{B81FCA47-A533-4FFB-B202-F6E07668EB66}.Debug|Any CPU.Build.0 = Debug|Any CPU
		{B81FCA47-A533-4FFB-B202-F6E07668EB66}.Debug|x86.ActiveCfg = Debug|Any CPU
		{B81FCA47-A533-4FFB-B202-F6E07668EB66}.Debug|x86.Build.0 = Debug|Any CPU
		{B81FCA47-A533-4FFB-B202-F6E07668EB66}.Publish|Any CPU.ActiveCfg = Release|Any CPU
		{B81FCA47-A533-4FFB-B202-F6E07668EB66}.Publish|Any CPU.Build.0 = Release|Any CPU
		{B81FCA47-A533-4FFB-B202-F6E07668EB66}.Publish|x86.ActiveCfg = Release|Any CPU
		{B81FCA47-A533-4FFB-B202-F6E07668EB66}.Publish|x86.Build.0 = Release|Any CPU
		{B81FCA47-A533-4FFB-B202-F6E07668EB66}.Release|Any CPU.ActiveCfg = Release|Any CPU
		{B81FCA47-A533-4FFB-B202-F6E07668EB66}.Release|Any CPU.Build.0 = Release|Any CPU
		{B81FCA47-A533-4FFB-B202-F6E07668EB66}.Release|x86.ActiveCfg = Release|Any CPU
		{B81FCA47-A533-4FFB-B202-F6E07668EB66}.Release|x86.Build.0 = Release|Any CPU
		{23B87A0B-DF68-432B-B75C-4D73AECFA6E3}.Debug|Any CPU.ActiveCfg = Debug|Any CPU
		{23B87A0B-DF68-432B-B75C-4D73AECFA6E3}.Debug|Any CPU.Build.0 = Debug|Any CPU
		{23B87A0B-DF68-432B-B75C-4D73AECFA6E3}.Debug|x86.ActiveCfg = Debug|Any CPU
		{23B87A0B-DF68-432B-B75C-4D73AECFA6E3}.Debug|x86.Build.0 = Debug|Any CPU
		{23B87A0B-DF68-432B-B75C-4D73AECFA6E3}.Publish|Any CPU.ActiveCfg = Release|Any CPU
		{23B87A0B-DF68-432B-B75C-4D73AECFA6E3}.Publish|Any CPU.Build.0 = Release|Any CPU
		{23B87A0B-DF68-432B-B75C-4D73AECFA6E3}.Publish|x86.ActiveCfg = Release|Any CPU
		{23B87A0B-DF68-432B-B75C-4D73AECFA6E3}.Publish|x86.Build.0 = Release|Any CPU
		{23B87A0B-DF68-432B-B75C-4D73AECFA6E3}.Release|Any CPU.ActiveCfg = Release|Any CPU
		{23B87A0B-DF68-432B-B75C-4D73AECFA6E3}.Release|Any CPU.Build.0 = Release|Any CPU
		{23B87A0B-DF68-432B-B75C-4D73AECFA6E3}.Release|x86.ActiveCfg = Release|Any CPU
		{23B87A0B-DF68-432B-B75C-4D73AECFA6E3}.Release|x86.Build.0 = Release|Any CPU
		{E1FA772F-C6F4-4333-8BB6-8BF6F252CACB}.Debug|Any CPU.ActiveCfg = Debug|Any CPU
		{E1FA772F-C6F4-4333-8BB6-8BF6F252CACB}.Debug|Any CPU.Build.0 = Debug|Any CPU
		{E1FA772F-C6F4-4333-8BB6-8BF6F252CACB}.Debug|x86.ActiveCfg = Debug|Any CPU
		{E1FA772F-C6F4-4333-8BB6-8BF6F252CACB}.Debug|x86.Build.0 = Debug|Any CPU
		{E1FA772F-C6F4-4333-8BB6-8BF6F252CACB}.Publish|Any CPU.ActiveCfg = Release|Any CPU
		{E1FA772F-C6F4-4333-8BB6-8BF6F252CACB}.Publish|Any CPU.Build.0 = Release|Any CPU
		{E1FA772F-C6F4-4333-8BB6-8BF6F252CACB}.Publish|x86.ActiveCfg = Release|Any CPU
		{E1FA772F-C6F4-4333-8BB6-8BF6F252CACB}.Publish|x86.Build.0 = Release|Any CPU
		{E1FA772F-C6F4-4333-8BB6-8BF6F252CACB}.Release|Any CPU.ActiveCfg = Release|Any CPU
		{E1FA772F-C6F4-4333-8BB6-8BF6F252CACB}.Release|Any CPU.Build.0 = Release|Any CPU
		{E1FA772F-C6F4-4333-8BB6-8BF6F252CACB}.Release|x86.ActiveCfg = Release|Any CPU
		{E1FA772F-C6F4-4333-8BB6-8BF6F252CACB}.Release|x86.Build.0 = Release|Any CPU
		{CC96EA69-DCC3-4D9E-BB6A-ACED0C479EF3}.Debug|Any CPU.ActiveCfg = Debug|Any CPU
		{CC96EA69-DCC3-4D9E-BB6A-ACED0C479EF3}.Debug|Any CPU.Build.0 = Debug|Any CPU
		{CC96EA69-DCC3-4D9E-BB6A-ACED0C479EF3}.Debug|x86.ActiveCfg = Debug|Any CPU
		{CC96EA69-DCC3-4D9E-BB6A-ACED0C479EF3}.Debug|x86.Build.0 = Debug|Any CPU
		{CC96EA69-DCC3-4D9E-BB6A-ACED0C479EF3}.Publish|Any CPU.ActiveCfg = Release|Any CPU
		{CC96EA69-DCC3-4D9E-BB6A-ACED0C479EF3}.Publish|Any CPU.Build.0 = Release|Any CPU
		{CC96EA69-DCC3-4D9E-BB6A-ACED0C479EF3}.Publish|x86.ActiveCfg = Release|Any CPU
		{CC96EA69-DCC3-4D9E-BB6A-ACED0C479EF3}.Publish|x86.Build.0 = Release|Any CPU
		{CC96EA69-DCC3-4D9E-BB6A-ACED0C479EF3}.Release|Any CPU.ActiveCfg = Release|Any CPU
		{CC96EA69-DCC3-4D9E-BB6A-ACED0C479EF3}.Release|Any CPU.Build.0 = Release|Any CPU
		{CC96EA69-DCC3-4D9E-BB6A-ACED0C479EF3}.Release|x86.ActiveCfg = Release|Any CPU
		{CC96EA69-DCC3-4D9E-BB6A-ACED0C479EF3}.Release|x86.Build.0 = Release|Any CPU
		{BBE6492A-198E-499E-ADD5-E8C904EC8182}.Debug|Any CPU.ActiveCfg = Debug|Any CPU
		{BBE6492A-198E-499E-ADD5-E8C904EC8182}.Debug|Any CPU.Build.0 = Debug|Any CPU
		{BBE6492A-198E-499E-ADD5-E8C904EC8182}.Debug|x86.ActiveCfg = Debug|Any CPU
		{BBE6492A-198E-499E-ADD5-E8C904EC8182}.Debug|x86.Build.0 = Debug|Any CPU
		{BBE6492A-198E-499E-ADD5-E8C904EC8182}.Publish|Any CPU.ActiveCfg = Release|Any CPU
		{BBE6492A-198E-499E-ADD5-E8C904EC8182}.Publish|x86.ActiveCfg = Release|Any CPU
		{BBE6492A-198E-499E-ADD5-E8C904EC8182}.Publish|x86.Build.0 = Release|Any CPU
		{BBE6492A-198E-499E-ADD5-E8C904EC8182}.Release|Any CPU.ActiveCfg = Release|Any CPU
		{BBE6492A-198E-499E-ADD5-E8C904EC8182}.Release|Any CPU.Build.0 = Release|Any CPU
		{BBE6492A-198E-499E-ADD5-E8C904EC8182}.Release|x86.ActiveCfg = Release|Any CPU
		{BBE6492A-198E-499E-ADD5-E8C904EC8182}.Release|x86.Build.0 = Release|Any CPU
		{3768FF1C-ADE5-4C9D-9C00-CACB0CE40809}.Debug|Any CPU.ActiveCfg = Debug|Any CPU
		{3768FF1C-ADE5-4C9D-9C00-CACB0CE40809}.Debug|Any CPU.Build.0 = Debug|Any CPU
		{3768FF1C-ADE5-4C9D-9C00-CACB0CE40809}.Debug|x86.ActiveCfg = Debug|Any CPU
		{3768FF1C-ADE5-4C9D-9C00-CACB0CE40809}.Debug|x86.Build.0 = Debug|Any CPU
		{3768FF1C-ADE5-4C9D-9C00-CACB0CE40809}.Publish|Any CPU.ActiveCfg = Release|Any CPU
		{3768FF1C-ADE5-4C9D-9C00-CACB0CE40809}.Publish|Any CPU.Build.0 = Release|Any CPU
		{3768FF1C-ADE5-4C9D-9C00-CACB0CE40809}.Publish|x86.ActiveCfg = Release|Any CPU
		{3768FF1C-ADE5-4C9D-9C00-CACB0CE40809}.Publish|x86.Build.0 = Release|Any CPU
		{3768FF1C-ADE5-4C9D-9C00-CACB0CE40809}.Release|Any CPU.ActiveCfg = Release|Any CPU
		{3768FF1C-ADE5-4C9D-9C00-CACB0CE40809}.Release|Any CPU.Build.0 = Release|Any CPU
		{3768FF1C-ADE5-4C9D-9C00-CACB0CE40809}.Release|x86.ActiveCfg = Release|Any CPU
		{3768FF1C-ADE5-4C9D-9C00-CACB0CE40809}.Release|x86.Build.0 = Release|Any CPU
		{3463D66A-BAC1-4E3C-AE69-B3D1CD12C13D}.Debug|Any CPU.ActiveCfg = Debug|Any CPU
		{3463D66A-BAC1-4E3C-AE69-B3D1CD12C13D}.Debug|Any CPU.Build.0 = Debug|Any CPU
		{3463D66A-BAC1-4E3C-AE69-B3D1CD12C13D}.Debug|x86.ActiveCfg = Debug|Any CPU
		{3463D66A-BAC1-4E3C-AE69-B3D1CD12C13D}.Debug|x86.Build.0 = Debug|Any CPU
		{3463D66A-BAC1-4E3C-AE69-B3D1CD12C13D}.Publish|Any CPU.ActiveCfg = Release|Any CPU
		{3463D66A-BAC1-4E3C-AE69-B3D1CD12C13D}.Publish|Any CPU.Build.0 = Release|Any CPU
		{3463D66A-BAC1-4E3C-AE69-B3D1CD12C13D}.Publish|x86.ActiveCfg = Release|Any CPU
		{3463D66A-BAC1-4E3C-AE69-B3D1CD12C13D}.Publish|x86.Build.0 = Release|Any CPU
		{3463D66A-BAC1-4E3C-AE69-B3D1CD12C13D}.Release|Any CPU.ActiveCfg = Release|Any CPU
		{3463D66A-BAC1-4E3C-AE69-B3D1CD12C13D}.Release|Any CPU.Build.0 = Release|Any CPU
		{3463D66A-BAC1-4E3C-AE69-B3D1CD12C13D}.Release|x86.ActiveCfg = Release|Any CPU
		{3463D66A-BAC1-4E3C-AE69-B3D1CD12C13D}.Release|x86.Build.0 = Release|Any CPU
		{BC14BAF7-BBB6-4FBC-B472-0517AC48881C}.Debug|Any CPU.ActiveCfg = Debug|Any CPU
		{BC14BAF7-BBB6-4FBC-B472-0517AC48881C}.Debug|Any CPU.Build.0 = Debug|Any CPU
		{BC14BAF7-BBB6-4FBC-B472-0517AC48881C}.Debug|x86.ActiveCfg = Debug|Any CPU
		{BC14BAF7-BBB6-4FBC-B472-0517AC48881C}.Debug|x86.Build.0 = Debug|Any CPU
		{BC14BAF7-BBB6-4FBC-B472-0517AC48881C}.Publish|Any CPU.ActiveCfg = Release|Any CPU
		{BC14BAF7-BBB6-4FBC-B472-0517AC48881C}.Publish|Any CPU.Build.0 = Release|Any CPU
		{BC14BAF7-BBB6-4FBC-B472-0517AC48881C}.Publish|x86.ActiveCfg = Release|Any CPU
		{BC14BAF7-BBB6-4FBC-B472-0517AC48881C}.Publish|x86.Build.0 = Release|Any CPU
		{BC14BAF7-BBB6-4FBC-B472-0517AC48881C}.Release|Any CPU.ActiveCfg = Release|Any CPU
		{BC14BAF7-BBB6-4FBC-B472-0517AC48881C}.Release|Any CPU.Build.0 = Release|Any CPU
		{BC14BAF7-BBB6-4FBC-B472-0517AC48881C}.Release|x86.ActiveCfg = Release|Any CPU
		{BC14BAF7-BBB6-4FBC-B472-0517AC48881C}.Release|x86.Build.0 = Release|Any CPU
		{D3F95E04-5400-46B2-AF46-D8809FB8BCB0}.Debug|Any CPU.ActiveCfg = Debug|Any CPU
		{D3F95E04-5400-46B2-AF46-D8809FB8BCB0}.Debug|Any CPU.Build.0 = Debug|Any CPU
		{D3F95E04-5400-46B2-AF46-D8809FB8BCB0}.Debug|x86.ActiveCfg = Debug|Any CPU
		{D3F95E04-5400-46B2-AF46-D8809FB8BCB0}.Debug|x86.Build.0 = Debug|Any CPU
		{D3F95E04-5400-46B2-AF46-D8809FB8BCB0}.Publish|Any CPU.ActiveCfg = Release|Any CPU
		{D3F95E04-5400-46B2-AF46-D8809FB8BCB0}.Publish|Any CPU.Build.0 = Release|Any CPU
		{D3F95E04-5400-46B2-AF46-D8809FB8BCB0}.Publish|x86.ActiveCfg = Release|Any CPU
		{D3F95E04-5400-46B2-AF46-D8809FB8BCB0}.Publish|x86.Build.0 = Release|Any CPU
		{D3F95E04-5400-46B2-AF46-D8809FB8BCB0}.Release|Any CPU.ActiveCfg = Release|Any CPU
		{D3F95E04-5400-46B2-AF46-D8809FB8BCB0}.Release|Any CPU.Build.0 = Release|Any CPU
		{D3F95E04-5400-46B2-AF46-D8809FB8BCB0}.Release|x86.ActiveCfg = Release|Any CPU
		{D3F95E04-5400-46B2-AF46-D8809FB8BCB0}.Release|x86.Build.0 = Release|Any CPU
		{0AA94325-2BFB-449A-A6A6-C10E9C0FA65B}.Debug|Any CPU.ActiveCfg = Debug|Any CPU
		{0AA94325-2BFB-449A-A6A6-C10E9C0FA65B}.Debug|Any CPU.Build.0 = Debug|Any CPU
		{0AA94325-2BFB-449A-A6A6-C10E9C0FA65B}.Debug|x86.ActiveCfg = Debug|Any CPU
		{0AA94325-2BFB-449A-A6A6-C10E9C0FA65B}.Debug|x86.Build.0 = Debug|Any CPU
		{0AA94325-2BFB-449A-A6A6-C10E9C0FA65B}.Publish|Any CPU.ActiveCfg = Release|Any CPU
		{0AA94325-2BFB-449A-A6A6-C10E9C0FA65B}.Publish|Any CPU.Build.0 = Release|Any CPU
		{0AA94325-2BFB-449A-A6A6-C10E9C0FA65B}.Publish|x86.ActiveCfg = Release|Any CPU
		{0AA94325-2BFB-449A-A6A6-C10E9C0FA65B}.Publish|x86.Build.0 = Release|Any CPU
		{0AA94325-2BFB-449A-A6A6-C10E9C0FA65B}.Release|Any CPU.ActiveCfg = Release|Any CPU
		{0AA94325-2BFB-449A-A6A6-C10E9C0FA65B}.Release|Any CPU.Build.0 = Release|Any CPU
		{0AA94325-2BFB-449A-A6A6-C10E9C0FA65B}.Release|x86.ActiveCfg = Release|Any CPU
		{0AA94325-2BFB-449A-A6A6-C10E9C0FA65B}.Release|x86.Build.0 = Release|Any CPU
		{AEADC469-D102-4B37-9973-ED3F04227A8D}.Debug|Any CPU.ActiveCfg = Debug|Any CPU
		{AEADC469-D102-4B37-9973-ED3F04227A8D}.Debug|x86.ActiveCfg = Debug|Any CPU
		{AEADC469-D102-4B37-9973-ED3F04227A8D}.Debug|x86.Build.0 = Debug|Any CPU
		{AEADC469-D102-4B37-9973-ED3F04227A8D}.Publish|Any CPU.ActiveCfg = Debug|Any CPU
		{AEADC469-D102-4B37-9973-ED3F04227A8D}.Publish|Any CPU.Build.0 = Debug|Any CPU
		{AEADC469-D102-4B37-9973-ED3F04227A8D}.Publish|x86.ActiveCfg = Release|Any CPU
		{AEADC469-D102-4B37-9973-ED3F04227A8D}.Publish|x86.Build.0 = Release|Any CPU
		{AEADC469-D102-4B37-9973-ED3F04227A8D}.Release|Any CPU.ActiveCfg = Debug|Any CPU
		{AEADC469-D102-4B37-9973-ED3F04227A8D}.Release|x86.ActiveCfg = Release|Any CPU
		{AEADC469-D102-4B37-9973-ED3F04227A8D}.Release|x86.Build.0 = Release|Any CPU
		{3183FEE9-F71C-48B6-B485-64AE2F208C73}.Debug|Any CPU.ActiveCfg = Debug|Any CPU
		{3183FEE9-F71C-48B6-B485-64AE2F208C73}.Debug|Any CPU.Build.0 = Debug|Any CPU
		{3183FEE9-F71C-48B6-B485-64AE2F208C73}.Debug|x86.ActiveCfg = Debug|Any CPU
		{3183FEE9-F71C-48B6-B485-64AE2F208C73}.Debug|x86.Build.0 = Debug|Any CPU
		{3183FEE9-F71C-48B6-B485-64AE2F208C73}.Publish|Any CPU.ActiveCfg = Release|Any CPU
		{3183FEE9-F71C-48B6-B485-64AE2F208C73}.Publish|Any CPU.Build.0 = Release|Any CPU
		{3183FEE9-F71C-48B6-B485-64AE2F208C73}.Publish|x86.ActiveCfg = Release|Any CPU
		{3183FEE9-F71C-48B6-B485-64AE2F208C73}.Publish|x86.Build.0 = Release|Any CPU
		{3183FEE9-F71C-48B6-B485-64AE2F208C73}.Release|Any CPU.ActiveCfg = Release|Any CPU
		{3183FEE9-F71C-48B6-B485-64AE2F208C73}.Release|Any CPU.Build.0 = Release|Any CPU
		{3183FEE9-F71C-48B6-B485-64AE2F208C73}.Release|x86.ActiveCfg = Release|Any CPU
		{3183FEE9-F71C-48B6-B485-64AE2F208C73}.Release|x86.Build.0 = Release|Any CPU
		{130B3DE5-0E0F-440D-982E-CFC1FC4AC4FA}.Debug|Any CPU.ActiveCfg = Debug|Any CPU
		{130B3DE5-0E0F-440D-982E-CFC1FC4AC4FA}.Debug|Any CPU.Build.0 = Debug|Any CPU
		{130B3DE5-0E0F-440D-982E-CFC1FC4AC4FA}.Debug|x86.ActiveCfg = Debug|Any CPU
		{130B3DE5-0E0F-440D-982E-CFC1FC4AC4FA}.Debug|x86.Build.0 = Debug|Any CPU
		{130B3DE5-0E0F-440D-982E-CFC1FC4AC4FA}.Publish|Any CPU.ActiveCfg = Release|Any CPU
		{130B3DE5-0E0F-440D-982E-CFC1FC4AC4FA}.Publish|Any CPU.Build.0 = Release|Any CPU
		{130B3DE5-0E0F-440D-982E-CFC1FC4AC4FA}.Publish|x86.ActiveCfg = Release|Any CPU
		{130B3DE5-0E0F-440D-982E-CFC1FC4AC4FA}.Publish|x86.Build.0 = Release|Any CPU
		{130B3DE5-0E0F-440D-982E-CFC1FC4AC4FA}.Release|Any CPU.ActiveCfg = Release|Any CPU
		{130B3DE5-0E0F-440D-982E-CFC1FC4AC4FA}.Release|Any CPU.Build.0 = Release|Any CPU
		{130B3DE5-0E0F-440D-982E-CFC1FC4AC4FA}.Release|x86.ActiveCfg = Release|Any CPU
		{130B3DE5-0E0F-440D-982E-CFC1FC4AC4FA}.Release|x86.Build.0 = Release|Any CPU
		{6DE6294A-CED3-4E53-85FB-60B9FEAD1FE7}.Debug|Any CPU.ActiveCfg = Debug|Any CPU
		{6DE6294A-CED3-4E53-85FB-60B9FEAD1FE7}.Debug|Any CPU.Build.0 = Debug|Any CPU
		{6DE6294A-CED3-4E53-85FB-60B9FEAD1FE7}.Debug|x86.ActiveCfg = Debug|Any CPU
		{6DE6294A-CED3-4E53-85FB-60B9FEAD1FE7}.Debug|x86.Build.0 = Debug|Any CPU
		{6DE6294A-CED3-4E53-85FB-60B9FEAD1FE7}.Publish|Any CPU.ActiveCfg = Release|Any CPU
		{6DE6294A-CED3-4E53-85FB-60B9FEAD1FE7}.Publish|Any CPU.Build.0 = Release|Any CPU
		{6DE6294A-CED3-4E53-85FB-60B9FEAD1FE7}.Publish|x86.ActiveCfg = Release|Any CPU
		{6DE6294A-CED3-4E53-85FB-60B9FEAD1FE7}.Publish|x86.Build.0 = Release|Any CPU
		{6DE6294A-CED3-4E53-85FB-60B9FEAD1FE7}.Release|Any CPU.ActiveCfg = Release|Any CPU
		{6DE6294A-CED3-4E53-85FB-60B9FEAD1FE7}.Release|Any CPU.Build.0 = Release|Any CPU
		{6DE6294A-CED3-4E53-85FB-60B9FEAD1FE7}.Release|x86.ActiveCfg = Release|Any CPU
		{6DE6294A-CED3-4E53-85FB-60B9FEAD1FE7}.Release|x86.Build.0 = Release|Any CPU
		{E40332D9-D540-4582-825C-008E2F125D42}.Debug|Any CPU.ActiveCfg = Debug|Any CPU
		{E40332D9-D540-4582-825C-008E2F125D42}.Debug|x86.ActiveCfg = Debug|Any CPU
		{E40332D9-D540-4582-825C-008E2F125D42}.Debug|x86.Build.0 = Debug|Any CPU
		{E40332D9-D540-4582-825C-008E2F125D42}.Publish|Any CPU.ActiveCfg = Debug|Any CPU
		{E40332D9-D540-4582-825C-008E2F125D42}.Publish|Any CPU.Build.0 = Debug|Any CPU
		{E40332D9-D540-4582-825C-008E2F125D42}.Publish|x86.ActiveCfg = Release|Any CPU
		{E40332D9-D540-4582-825C-008E2F125D42}.Publish|x86.Build.0 = Release|Any CPU
		{E40332D9-D540-4582-825C-008E2F125D42}.Release|Any CPU.ActiveCfg = Debug|Any CPU
		{E40332D9-D540-4582-825C-008E2F125D42}.Release|x86.ActiveCfg = Release|Any CPU
		{E40332D9-D540-4582-825C-008E2F125D42}.Release|x86.Build.0 = Release|Any CPU
		{3A60BAC5-2B90-4749-8D49-0CEFB2D2054D}.Debug|Any CPU.ActiveCfg = Debug|Any CPU
		{3A60BAC5-2B90-4749-8D49-0CEFB2D2054D}.Debug|x86.ActiveCfg = Debug|Any CPU
		{3A60BAC5-2B90-4749-8D49-0CEFB2D2054D}.Debug|x86.Build.0 = Debug|Any CPU
		{3A60BAC5-2B90-4749-8D49-0CEFB2D2054D}.Publish|Any CPU.ActiveCfg = Debug|Any CPU
		{3A60BAC5-2B90-4749-8D49-0CEFB2D2054D}.Publish|Any CPU.Build.0 = Debug|Any CPU
		{3A60BAC5-2B90-4749-8D49-0CEFB2D2054D}.Publish|x86.ActiveCfg = Release|Any CPU
		{3A60BAC5-2B90-4749-8D49-0CEFB2D2054D}.Publish|x86.Build.0 = Release|Any CPU
		{3A60BAC5-2B90-4749-8D49-0CEFB2D2054D}.Release|Any CPU.ActiveCfg = Debug|Any CPU
		{3A60BAC5-2B90-4749-8D49-0CEFB2D2054D}.Release|x86.ActiveCfg = Release|Any CPU
		{3A60BAC5-2B90-4749-8D49-0CEFB2D2054D}.Release|x86.Build.0 = Release|Any CPU
		{02AE0BEA-762D-4034-AB7C-F7A165E282F7}.Debug|Any CPU.ActiveCfg = Debug|Any CPU
		{02AE0BEA-762D-4034-AB7C-F7A165E282F7}.Debug|Any CPU.Build.0 = Debug|Any CPU
		{02AE0BEA-762D-4034-AB7C-F7A165E282F7}.Debug|x86.ActiveCfg = Debug|Any CPU
		{02AE0BEA-762D-4034-AB7C-F7A165E282F7}.Debug|x86.Build.0 = Debug|Any CPU
		{02AE0BEA-762D-4034-AB7C-F7A165E282F7}.Publish|Any CPU.ActiveCfg = Release|Any CPU
		{02AE0BEA-762D-4034-AB7C-F7A165E282F7}.Publish|Any CPU.Build.0 = Release|Any CPU
		{02AE0BEA-762D-4034-AB7C-F7A165E282F7}.Publish|x86.ActiveCfg = Release|Any CPU
		{02AE0BEA-762D-4034-AB7C-F7A165E282F7}.Publish|x86.Build.0 = Release|Any CPU
		{02AE0BEA-762D-4034-AB7C-F7A165E282F7}.Release|Any CPU.ActiveCfg = Release|Any CPU
		{02AE0BEA-762D-4034-AB7C-F7A165E282F7}.Release|Any CPU.Build.0 = Release|Any CPU
		{02AE0BEA-762D-4034-AB7C-F7A165E282F7}.Release|x86.ActiveCfg = Release|Any CPU
		{02AE0BEA-762D-4034-AB7C-F7A165E282F7}.Release|x86.Build.0 = Release|Any CPU
		{7ADAA28F-E4AB-41EF-A29C-8DE4E1E7A429}.Debug|Any CPU.ActiveCfg = Debug|Any CPU
		{7ADAA28F-E4AB-41EF-A29C-8DE4E1E7A429}.Debug|Any CPU.Build.0 = Debug|Any CPU
		{7ADAA28F-E4AB-41EF-A29C-8DE4E1E7A429}.Debug|x86.ActiveCfg = Debug|Any CPU
		{7ADAA28F-E4AB-41EF-A29C-8DE4E1E7A429}.Debug|x86.Build.0 = Debug|Any CPU
		{7ADAA28F-E4AB-41EF-A29C-8DE4E1E7A429}.Publish|Any CPU.ActiveCfg = Release|Any CPU
		{7ADAA28F-E4AB-41EF-A29C-8DE4E1E7A429}.Publish|Any CPU.Build.0 = Release|Any CPU
		{7ADAA28F-E4AB-41EF-A29C-8DE4E1E7A429}.Publish|x86.ActiveCfg = Release|Any CPU
		{7ADAA28F-E4AB-41EF-A29C-8DE4E1E7A429}.Publish|x86.Build.0 = Release|Any CPU
		{7ADAA28F-E4AB-41EF-A29C-8DE4E1E7A429}.Release|Any CPU.ActiveCfg = Release|Any CPU
		{7ADAA28F-E4AB-41EF-A29C-8DE4E1E7A429}.Release|Any CPU.Build.0 = Release|Any CPU
		{7ADAA28F-E4AB-41EF-A29C-8DE4E1E7A429}.Release|x86.ActiveCfg = Release|Any CPU
		{7ADAA28F-E4AB-41EF-A29C-8DE4E1E7A429}.Release|x86.Build.0 = Release|Any CPU
		{50C2C651-1ACF-44F6-AD95-EFEDB75BCBD1}.Debug|Any CPU.ActiveCfg = Debug|Any CPU
		{50C2C651-1ACF-44F6-AD95-EFEDB75BCBD1}.Debug|Any CPU.Build.0 = Debug|Any CPU
		{50C2C651-1ACF-44F6-AD95-EFEDB75BCBD1}.Debug|x86.ActiveCfg = Debug|Any CPU
		{50C2C651-1ACF-44F6-AD95-EFEDB75BCBD1}.Debug|x86.Build.0 = Debug|Any CPU
		{50C2C651-1ACF-44F6-AD95-EFEDB75BCBD1}.Publish|Any CPU.ActiveCfg = Release|Any CPU
		{50C2C651-1ACF-44F6-AD95-EFEDB75BCBD1}.Publish|Any CPU.Build.0 = Release|Any CPU
		{50C2C651-1ACF-44F6-AD95-EFEDB75BCBD1}.Publish|x86.ActiveCfg = Release|Any CPU
		{50C2C651-1ACF-44F6-AD95-EFEDB75BCBD1}.Publish|x86.Build.0 = Release|Any CPU
		{50C2C651-1ACF-44F6-AD95-EFEDB75BCBD1}.Release|Any CPU.ActiveCfg = Release|Any CPU
		{50C2C651-1ACF-44F6-AD95-EFEDB75BCBD1}.Release|Any CPU.Build.0 = Release|Any CPU
		{50C2C651-1ACF-44F6-AD95-EFEDB75BCBD1}.Release|x86.ActiveCfg = Release|Any CPU
		{50C2C651-1ACF-44F6-AD95-EFEDB75BCBD1}.Release|x86.Build.0 = Release|Any CPU
		{6283E69E-3528-4F3A-BA93-C04962137D85}.Debug|Any CPU.ActiveCfg = Debug|Any CPU
		{6283E69E-3528-4F3A-BA93-C04962137D85}.Debug|Any CPU.Build.0 = Debug|Any CPU
		{6283E69E-3528-4F3A-BA93-C04962137D85}.Debug|x86.ActiveCfg = Debug|Any CPU
		{6283E69E-3528-4F3A-BA93-C04962137D85}.Debug|x86.Build.0 = Debug|Any CPU
		{6283E69E-3528-4F3A-BA93-C04962137D85}.Publish|Any CPU.ActiveCfg = Release|Any CPU
		{6283E69E-3528-4F3A-BA93-C04962137D85}.Publish|Any CPU.Build.0 = Release|Any CPU
		{6283E69E-3528-4F3A-BA93-C04962137D85}.Publish|x86.ActiveCfg = Release|Any CPU
		{6283E69E-3528-4F3A-BA93-C04962137D85}.Publish|x86.Build.0 = Release|Any CPU
		{6283E69E-3528-4F3A-BA93-C04962137D85}.Release|Any CPU.ActiveCfg = Release|Any CPU
		{6283E69E-3528-4F3A-BA93-C04962137D85}.Release|Any CPU.Build.0 = Release|Any CPU
		{6283E69E-3528-4F3A-BA93-C04962137D85}.Release|x86.ActiveCfg = Release|Any CPU
		{6283E69E-3528-4F3A-BA93-C04962137D85}.Release|x86.Build.0 = Release|Any CPU
		{0CA0C2E8-19DF-43D5-B7D7-1D3817E3B90A}.Debug|Any CPU.ActiveCfg = Debug|Any CPU
		{0CA0C2E8-19DF-43D5-B7D7-1D3817E3B90A}.Debug|Any CPU.Build.0 = Debug|Any CPU
		{0CA0C2E8-19DF-43D5-B7D7-1D3817E3B90A}.Debug|x86.ActiveCfg = Debug|Any CPU
		{0CA0C2E8-19DF-43D5-B7D7-1D3817E3B90A}.Debug|x86.Build.0 = Debug|Any CPU
		{0CA0C2E8-19DF-43D5-B7D7-1D3817E3B90A}.Publish|Any CPU.ActiveCfg = Release|Any CPU
		{0CA0C2E8-19DF-43D5-B7D7-1D3817E3B90A}.Publish|Any CPU.Build.0 = Release|Any CPU
		{0CA0C2E8-19DF-43D5-B7D7-1D3817E3B90A}.Publish|x86.ActiveCfg = Release|Any CPU
		{0CA0C2E8-19DF-43D5-B7D7-1D3817E3B90A}.Publish|x86.Build.0 = Release|Any CPU
		{0CA0C2E8-19DF-43D5-B7D7-1D3817E3B90A}.Release|Any CPU.ActiveCfg = Release|Any CPU
		{0CA0C2E8-19DF-43D5-B7D7-1D3817E3B90A}.Release|Any CPU.Build.0 = Release|Any CPU
		{0CA0C2E8-19DF-43D5-B7D7-1D3817E3B90A}.Release|x86.ActiveCfg = Release|Any CPU
		{0CA0C2E8-19DF-43D5-B7D7-1D3817E3B90A}.Release|x86.Build.0 = Release|Any CPU
		{338092AA-D244-48B3-A2DF-DF04441B0C05}.Debug|Any CPU.ActiveCfg = Debug|Any CPU
		{338092AA-D244-48B3-A2DF-DF04441B0C05}.Debug|Any CPU.Build.0 = Debug|Any CPU
		{338092AA-D244-48B3-A2DF-DF04441B0C05}.Debug|x86.ActiveCfg = Debug|Any CPU
		{338092AA-D244-48B3-A2DF-DF04441B0C05}.Debug|x86.Build.0 = Debug|Any CPU
		{338092AA-D244-48B3-A2DF-DF04441B0C05}.Publish|Any CPU.ActiveCfg = Release|Any CPU
		{338092AA-D244-48B3-A2DF-DF04441B0C05}.Publish|Any CPU.Build.0 = Release|Any CPU
		{338092AA-D244-48B3-A2DF-DF04441B0C05}.Publish|x86.ActiveCfg = Release|Any CPU
		{338092AA-D244-48B3-A2DF-DF04441B0C05}.Publish|x86.Build.0 = Release|Any CPU
		{338092AA-D244-48B3-A2DF-DF04441B0C05}.Release|Any CPU.ActiveCfg = Release|Any CPU
		{338092AA-D244-48B3-A2DF-DF04441B0C05}.Release|Any CPU.Build.0 = Release|Any CPU
		{338092AA-D244-48B3-A2DF-DF04441B0C05}.Release|x86.ActiveCfg = Release|Any CPU
		{338092AA-D244-48B3-A2DF-DF04441B0C05}.Release|x86.Build.0 = Release|Any CPU
		{A6EE205B-B23D-47B8-9561-A82E098D8BE5}.Debug|Any CPU.ActiveCfg = Debug|Any CPU
		{A6EE205B-B23D-47B8-9561-A82E098D8BE5}.Debug|Any CPU.Build.0 = Debug|Any CPU
		{A6EE205B-B23D-47B8-9561-A82E098D8BE5}.Debug|x86.ActiveCfg = Debug|Any CPU
		{A6EE205B-B23D-47B8-9561-A82E098D8BE5}.Debug|x86.Build.0 = Debug|Any CPU
		{A6EE205B-B23D-47B8-9561-A82E098D8BE5}.Publish|Any CPU.ActiveCfg = Release|Any CPU
		{A6EE205B-B23D-47B8-9561-A82E098D8BE5}.Publish|Any CPU.Build.0 = Release|Any CPU
		{A6EE205B-B23D-47B8-9561-A82E098D8BE5}.Publish|x86.ActiveCfg = Release|Any CPU
		{A6EE205B-B23D-47B8-9561-A82E098D8BE5}.Publish|x86.Build.0 = Release|Any CPU
		{A6EE205B-B23D-47B8-9561-A82E098D8BE5}.Release|Any CPU.ActiveCfg = Release|Any CPU
		{A6EE205B-B23D-47B8-9561-A82E098D8BE5}.Release|Any CPU.Build.0 = Release|Any CPU
		{A6EE205B-B23D-47B8-9561-A82E098D8BE5}.Release|x86.ActiveCfg = Release|Any CPU
		{A6EE205B-B23D-47B8-9561-A82E098D8BE5}.Release|x86.Build.0 = Release|Any CPU
		{39AF8970-CE4D-4167-ADBF-44E5150EC065}.Debug|Any CPU.ActiveCfg = Debug|Any CPU
		{39AF8970-CE4D-4167-ADBF-44E5150EC065}.Debug|Any CPU.Build.0 = Debug|Any CPU
		{39AF8970-CE4D-4167-ADBF-44E5150EC065}.Debug|x86.ActiveCfg = Debug|Any CPU
		{39AF8970-CE4D-4167-ADBF-44E5150EC065}.Debug|x86.Build.0 = Debug|Any CPU
		{39AF8970-CE4D-4167-ADBF-44E5150EC065}.Publish|Any CPU.ActiveCfg = Release|Any CPU
		{39AF8970-CE4D-4167-ADBF-44E5150EC065}.Publish|Any CPU.Build.0 = Release|Any CPU
		{39AF8970-CE4D-4167-ADBF-44E5150EC065}.Publish|x86.ActiveCfg = Release|Any CPU
		{39AF8970-CE4D-4167-ADBF-44E5150EC065}.Publish|x86.Build.0 = Release|Any CPU
		{39AF8970-CE4D-4167-ADBF-44E5150EC065}.Release|Any CPU.ActiveCfg = Release|Any CPU
		{39AF8970-CE4D-4167-ADBF-44E5150EC065}.Release|Any CPU.Build.0 = Release|Any CPU
		{39AF8970-CE4D-4167-ADBF-44E5150EC065}.Release|x86.ActiveCfg = Release|Any CPU
		{39AF8970-CE4D-4167-ADBF-44E5150EC065}.Release|x86.Build.0 = Release|Any CPU
		{FEA12E06-B27F-48D3-BC35-2A22FA97C67D}.Debug|Any CPU.ActiveCfg = Debug|Any CPU
		{FEA12E06-B27F-48D3-BC35-2A22FA97C67D}.Debug|Any CPU.Build.0 = Debug|Any CPU
		{FEA12E06-B27F-48D3-BC35-2A22FA97C67D}.Debug|x86.ActiveCfg = Debug|Any CPU
		{FEA12E06-B27F-48D3-BC35-2A22FA97C67D}.Debug|x86.Build.0 = Debug|Any CPU
		{FEA12E06-B27F-48D3-BC35-2A22FA97C67D}.Publish|Any CPU.ActiveCfg = Release|Any CPU
		{FEA12E06-B27F-48D3-BC35-2A22FA97C67D}.Publish|Any CPU.Build.0 = Release|Any CPU
		{FEA12E06-B27F-48D3-BC35-2A22FA97C67D}.Publish|x86.ActiveCfg = Release|Any CPU
		{FEA12E06-B27F-48D3-BC35-2A22FA97C67D}.Publish|x86.Build.0 = Release|Any CPU
		{FEA12E06-B27F-48D3-BC35-2A22FA97C67D}.Release|Any CPU.ActiveCfg = Release|Any CPU
		{FEA12E06-B27F-48D3-BC35-2A22FA97C67D}.Release|Any CPU.Build.0 = Release|Any CPU
		{FEA12E06-B27F-48D3-BC35-2A22FA97C67D}.Release|x86.ActiveCfg = Release|Any CPU
		{FEA12E06-B27F-48D3-BC35-2A22FA97C67D}.Release|x86.Build.0 = Release|Any CPU
		{34E25DD1-948F-4DA4-BA0C-7FA53DB7268F}.Debug|Any CPU.ActiveCfg = Debug|Any CPU
		{34E25DD1-948F-4DA4-BA0C-7FA53DB7268F}.Debug|Any CPU.Build.0 = Debug|Any CPU
		{34E25DD1-948F-4DA4-BA0C-7FA53DB7268F}.Debug|x86.ActiveCfg = Debug|Any CPU
		{34E25DD1-948F-4DA4-BA0C-7FA53DB7268F}.Debug|x86.Build.0 = Debug|Any CPU
		{34E25DD1-948F-4DA4-BA0C-7FA53DB7268F}.Publish|Any CPU.ActiveCfg = Release|Any CPU
		{34E25DD1-948F-4DA4-BA0C-7FA53DB7268F}.Publish|Any CPU.Build.0 = Release|Any CPU
		{34E25DD1-948F-4DA4-BA0C-7FA53DB7268F}.Publish|x86.ActiveCfg = Release|Any CPU
		{34E25DD1-948F-4DA4-BA0C-7FA53DB7268F}.Publish|x86.Build.0 = Release|Any CPU
		{34E25DD1-948F-4DA4-BA0C-7FA53DB7268F}.Release|Any CPU.ActiveCfg = Release|Any CPU
		{34E25DD1-948F-4DA4-BA0C-7FA53DB7268F}.Release|Any CPU.Build.0 = Release|Any CPU
		{34E25DD1-948F-4DA4-BA0C-7FA53DB7268F}.Release|x86.ActiveCfg = Release|Any CPU
		{34E25DD1-948F-4DA4-BA0C-7FA53DB7268F}.Release|x86.Build.0 = Release|Any CPU
		{E70B49F6-02FC-452E-958C-BE1575BCC8F0}.Debug|Any CPU.ActiveCfg = Debug|Any CPU
		{E70B49F6-02FC-452E-958C-BE1575BCC8F0}.Debug|Any CPU.Build.0 = Debug|Any CPU
		{E70B49F6-02FC-452E-958C-BE1575BCC8F0}.Debug|x86.ActiveCfg = Debug|Any CPU
		{E70B49F6-02FC-452E-958C-BE1575BCC8F0}.Debug|x86.Build.0 = Debug|Any CPU
		{E70B49F6-02FC-452E-958C-BE1575BCC8F0}.Publish|Any CPU.ActiveCfg = Release|Any CPU
		{E70B49F6-02FC-452E-958C-BE1575BCC8F0}.Publish|Any CPU.Build.0 = Release|Any CPU
		{E70B49F6-02FC-452E-958C-BE1575BCC8F0}.Publish|x86.ActiveCfg = Release|Any CPU
		{E70B49F6-02FC-452E-958C-BE1575BCC8F0}.Publish|x86.Build.0 = Release|Any CPU
		{E70B49F6-02FC-452E-958C-BE1575BCC8F0}.Release|Any CPU.ActiveCfg = Release|Any CPU
		{E70B49F6-02FC-452E-958C-BE1575BCC8F0}.Release|Any CPU.Build.0 = Release|Any CPU
		{E70B49F6-02FC-452E-958C-BE1575BCC8F0}.Release|x86.ActiveCfg = Release|Any CPU
		{E70B49F6-02FC-452E-958C-BE1575BCC8F0}.Release|x86.Build.0 = Release|Any CPU
		{4522D488-E358-4330-9ED3-3263BC1F5434}.Debug|Any CPU.ActiveCfg = Debug|Any CPU
		{4522D488-E358-4330-9ED3-3263BC1F5434}.Debug|Any CPU.Build.0 = Debug|Any CPU
		{4522D488-E358-4330-9ED3-3263BC1F5434}.Debug|x86.ActiveCfg = Debug|Any CPU
		{4522D488-E358-4330-9ED3-3263BC1F5434}.Debug|x86.Build.0 = Debug|Any CPU
		{4522D488-E358-4330-9ED3-3263BC1F5434}.Publish|Any CPU.ActiveCfg = Release|Any CPU
		{4522D488-E358-4330-9ED3-3263BC1F5434}.Publish|Any CPU.Build.0 = Release|Any CPU
		{4522D488-E358-4330-9ED3-3263BC1F5434}.Publish|x86.ActiveCfg = Release|Any CPU
		{4522D488-E358-4330-9ED3-3263BC1F5434}.Publish|x86.Build.0 = Release|Any CPU
		{4522D488-E358-4330-9ED3-3263BC1F5434}.Release|Any CPU.ActiveCfg = Release|Any CPU
		{4522D488-E358-4330-9ED3-3263BC1F5434}.Release|Any CPU.Build.0 = Release|Any CPU
		{4522D488-E358-4330-9ED3-3263BC1F5434}.Release|x86.ActiveCfg = Release|Any CPU
		{4522D488-E358-4330-9ED3-3263BC1F5434}.Release|x86.Build.0 = Release|Any CPU
		{3C2AFC7F-0EC1-4BD1-B152-A8763B16BDEB}.Debug|Any CPU.ActiveCfg = Debug|Any CPU
		{3C2AFC7F-0EC1-4BD1-B152-A8763B16BDEB}.Debug|x86.ActiveCfg = Debug|Any CPU
		{3C2AFC7F-0EC1-4BD1-B152-A8763B16BDEB}.Debug|x86.Build.0 = Debug|Any CPU
		{3C2AFC7F-0EC1-4BD1-B152-A8763B16BDEB}.Publish|Any CPU.ActiveCfg = Debug|Any CPU
		{3C2AFC7F-0EC1-4BD1-B152-A8763B16BDEB}.Publish|Any CPU.Build.0 = Debug|Any CPU
		{3C2AFC7F-0EC1-4BD1-B152-A8763B16BDEB}.Publish|x86.ActiveCfg = Release|Any CPU
		{3C2AFC7F-0EC1-4BD1-B152-A8763B16BDEB}.Publish|x86.Build.0 = Release|Any CPU
		{3C2AFC7F-0EC1-4BD1-B152-A8763B16BDEB}.Release|Any CPU.ActiveCfg = Debug|Any CPU
		{3C2AFC7F-0EC1-4BD1-B152-A8763B16BDEB}.Release|x86.ActiveCfg = Release|Any CPU
		{3C2AFC7F-0EC1-4BD1-B152-A8763B16BDEB}.Release|x86.Build.0 = Release|Any CPU
		{30557A42-B21C-4D95-BC6A-C472D9183EE8}.Debug|Any CPU.ActiveCfg = Debug|Any CPU
		{30557A42-B21C-4D95-BC6A-C472D9183EE8}.Debug|x86.ActiveCfg = Debug|Any CPU
		{30557A42-B21C-4D95-BC6A-C472D9183EE8}.Debug|x86.Build.0 = Debug|Any CPU
		{30557A42-B21C-4D95-BC6A-C472D9183EE8}.Publish|Any CPU.ActiveCfg = Debug|Any CPU
		{30557A42-B21C-4D95-BC6A-C472D9183EE8}.Publish|Any CPU.Build.0 = Debug|Any CPU
		{30557A42-B21C-4D95-BC6A-C472D9183EE8}.Publish|x86.ActiveCfg = Release|Any CPU
		{30557A42-B21C-4D95-BC6A-C472D9183EE8}.Publish|x86.Build.0 = Release|Any CPU
		{30557A42-B21C-4D95-BC6A-C472D9183EE8}.Release|Any CPU.ActiveCfg = Debug|Any CPU
		{30557A42-B21C-4D95-BC6A-C472D9183EE8}.Release|x86.ActiveCfg = Release|Any CPU
		{30557A42-B21C-4D95-BC6A-C472D9183EE8}.Release|x86.Build.0 = Release|Any CPU
		{C0C58B27-4855-4637-9377-9EF01C5EB2FB}.Debug|Any CPU.ActiveCfg = Debug|Any CPU
		{C0C58B27-4855-4637-9377-9EF01C5EB2FB}.Debug|x86.ActiveCfg = Debug|Any CPU
		{C0C58B27-4855-4637-9377-9EF01C5EB2FB}.Debug|x86.Build.0 = Debug|Any CPU
		{C0C58B27-4855-4637-9377-9EF01C5EB2FB}.Publish|Any CPU.ActiveCfg = Debug|Any CPU
		{C0C58B27-4855-4637-9377-9EF01C5EB2FB}.Publish|Any CPU.Build.0 = Debug|Any CPU
		{C0C58B27-4855-4637-9377-9EF01C5EB2FB}.Publish|x86.ActiveCfg = Release|Any CPU
		{C0C58B27-4855-4637-9377-9EF01C5EB2FB}.Publish|x86.Build.0 = Release|Any CPU
		{C0C58B27-4855-4637-9377-9EF01C5EB2FB}.Release|Any CPU.ActiveCfg = Debug|Any CPU
		{C0C58B27-4855-4637-9377-9EF01C5EB2FB}.Release|x86.ActiveCfg = Release|Any CPU
		{C0C58B27-4855-4637-9377-9EF01C5EB2FB}.Release|x86.Build.0 = Release|Any CPU
	EndGlobalSection
	GlobalSection(SolutionProperties) = preSolution
		HideSolutionNode = FALSE
	EndGlobalSection
	GlobalSection(NestedProjects) = preSolution
		{0451BAEF-DF2E-4B98-8644-94EE9415E389} = {A4471ECD-23FA-4D4E-B343-E2478BCABAE2}
		{BC783C22-1518-4F7A-944A-8E095C9B5930} = {A4471ECD-23FA-4D4E-B343-E2478BCABAE2}
		{7CDA6E66-C207-4378-B476-77B50B0DC756} = {A4471ECD-23FA-4D4E-B343-E2478BCABAE2}
		{5973B3A7-1F9A-49C8-BBD4-DE4CAEA1DC8B} = {A4471ECD-23FA-4D4E-B343-E2478BCABAE2}
		{442146BE-4713-4D3F-BE9D-635FD50D70BB} = {58F3B79E-836C-4A4C-B993-DF9983AEF5AA}
		{64145A81-F369-4863-B02B-D4C14ADB883E} = {58F3B79E-836C-4A4C-B993-DF9983AEF5AA}
		{6F8516A0-5E50-44B2-AA8F-A3AB285F513E} = {58F3B79E-836C-4A4C-B993-DF9983AEF5AA}
		{B81FCA47-A533-4FFB-B202-F6E07668EB66} = {58F3B79E-836C-4A4C-B993-DF9983AEF5AA}
		{23B87A0B-DF68-432B-B75C-4D73AECFA6E3} = {58F3B79E-836C-4A4C-B993-DF9983AEF5AA}
		{E1FA772F-C6F4-4333-8BB6-8BF6F252CACB} = {58F3B79E-836C-4A4C-B993-DF9983AEF5AA}
		{CC96EA69-DCC3-4D9E-BB6A-ACED0C479EF3} = {58F3B79E-836C-4A4C-B993-DF9983AEF5AA}
		{BBE6492A-198E-499E-ADD5-E8C904EC8182} = {58F3B79E-836C-4A4C-B993-DF9983AEF5AA}
		{3768FF1C-ADE5-4C9D-9C00-CACB0CE40809} = {58F3B79E-836C-4A4C-B993-DF9983AEF5AA}
		{3463D66A-BAC1-4E3C-AE69-B3D1CD12C13D} = {58F3B79E-836C-4A4C-B993-DF9983AEF5AA}
		{BC14BAF7-BBB6-4FBC-B472-0517AC48881C} = {58F3B79E-836C-4A4C-B993-DF9983AEF5AA}
		{D3F95E04-5400-46B2-AF46-D8809FB8BCB0} = {58F3B79E-836C-4A4C-B993-DF9983AEF5AA}
		{0AA94325-2BFB-449A-A6A6-C10E9C0FA65B} = {58F3B79E-836C-4A4C-B993-DF9983AEF5AA}
		{AEADC469-D102-4B37-9973-ED3F04227A8D} = {A4471ECD-23FA-4D4E-B343-E2478BCABAE2}
		{3183FEE9-F71C-48B6-B485-64AE2F208C73} = {58F3B79E-836C-4A4C-B993-DF9983AEF5AA}
		{130B3DE5-0E0F-440D-982E-CFC1FC4AC4FA} = {58F3B79E-836C-4A4C-B993-DF9983AEF5AA}
		{6DE6294A-CED3-4E53-85FB-60B9FEAD1FE7} = {58F3B79E-836C-4A4C-B993-DF9983AEF5AA}
		{E40332D9-D540-4582-825C-008E2F125D42} = {A4471ECD-23FA-4D4E-B343-E2478BCABAE2}
		{3A60BAC5-2B90-4749-8D49-0CEFB2D2054D} = {A4471ECD-23FA-4D4E-B343-E2478BCABAE2}
		{A8DB2A6A-6B57-457A-996F-5519FCB51862} = {1E130C3D-7644-4DC2-AEA3-46CFEC48D75F}
		{7ADAA28F-E4AB-41EF-A29C-8DE4E1E7A429} = {58F3B79E-836C-4A4C-B993-DF9983AEF5AA}
		{50C2C651-1ACF-44F6-AD95-EFEDB75BCBD1} = {58F3B79E-836C-4A4C-B993-DF9983AEF5AA}
		{6283E69E-3528-4F3A-BA93-C04962137D85} = {58F3B79E-836C-4A4C-B993-DF9983AEF5AA}
		{C072C3DF-1977-4614-83E1-95834B21FC75} = {1E130C3D-7644-4DC2-AEA3-46CFEC48D75F}
		{0CA0C2E8-19DF-43D5-B7D7-1D3817E3B90A} = {58F3B79E-836C-4A4C-B993-DF9983AEF5AA}
		{75562B35-0887-4DFD-A3E3-7332C4B9E199} = {1E130C3D-7644-4DC2-AEA3-46CFEC48D75F}
		{DE174CAB-29CD-448B-AA3D-9F2787EF4E6B} = {1E130C3D-7644-4DC2-AEA3-46CFEC48D75F}
		{338092AA-D244-48B3-A2DF-DF04441B0C05} = {58F3B79E-836C-4A4C-B993-DF9983AEF5AA}
		{A6EE205B-B23D-47B8-9561-A82E098D8BE5} = {58F3B79E-836C-4A4C-B993-DF9983AEF5AA}
		{39AF8970-CE4D-4167-ADBF-44E5150EC065} = {58F3B79E-836C-4A4C-B993-DF9983AEF5AA}
		{FEA12E06-B27F-48D3-BC35-2A22FA97C67D} = {58F3B79E-836C-4A4C-B993-DF9983AEF5AA}
		{34E25DD1-948F-4DA4-BA0C-7FA53DB7268F} = {58F3B79E-836C-4A4C-B993-DF9983AEF5AA}
		{E70B49F6-02FC-452E-958C-BE1575BCC8F0} = {58F3B79E-836C-4A4C-B993-DF9983AEF5AA}
		{4522D488-E358-4330-9ED3-3263BC1F5434} = {58F3B79E-836C-4A4C-B993-DF9983AEF5AA}
		{3C2AFC7F-0EC1-4BD1-B152-A8763B16BDEB} = {A4471ECD-23FA-4D4E-B343-E2478BCABAE2}
		{30557A42-B21C-4D95-BC6A-C472D9183EE8} = {A4471ECD-23FA-4D4E-B343-E2478BCABAE2}
		{C0C58B27-4855-4637-9377-9EF01C5EB2FB} = {A4471ECD-23FA-4D4E-B343-E2478BCABAE2}
	EndGlobalSection
EndGlobal
