
Microsoft Visual Studio Solution File, Format Version 12.00
# Visual Studio 14
VisualStudioVersion = 14.0.24720.0
MinimumVisualStudioVersion = 10.0.40219.1
Project("{FAE04EC0-301F-11D3-BF4B-00C04F79EFBC}") = "KVLite.NuGet", "NuGet Packager\KVLite.NuGet.csproj", "{0451BAEF-DF2E-4B98-8644-94EE9415E389}"
EndProject
Project("{2150E333-8FDC-42A3-9474-1A3956D46DE8}") = ".nuget", ".nuget", "{4A3E1022-C52E-4C73-AE31-BFF7294F8CED}"
	ProjectSection(SolutionItems) = preProject
		.nuget\NuGet.Config = .nuget\NuGet.Config
		.nuget\NuGet.exe = .nuget\NuGet.exe
		.nuget\NuGet.targets = .nuget\NuGet.targets
	EndProjectSection
EndProject
Project("{2150E333-8FDC-42A3-9474-1A3956D46DE8}") = "Solution Items", "Solution Items", "{CB218631-52E1-43BC-971F-94784A43B73E}"
	ProjectSection(SolutionItems) = preProject
		appveyor.yml = appveyor.yml
		CREDITS.md = CREDITS.md
		LICENSE.md = LICENSE.md
		README.md = README.md
	EndProjectSection
EndProject
Project("{FAE04EC0-301F-11D3-BF4B-00C04F79EFBC}") = "KVLite.Benchmarks", "KVLite.Benchmarks\KVLite.Benchmarks.csproj", "{B082811A-E830-4CB0-8D7F-5FB31B001052}"
EndProject
Project("{2150E333-8FDC-42A3-9474-1A3956D46DE8}") = "Project Logo", "Project Logo", "{FDFAC957-0093-481B-82B5-465777E8160B}"
	ProjectSection(SolutionItems) = preProject
		Project Logo\logo-128.png = Project Logo\logo-128.png
		Project Logo\logo-256.png = Project Logo\logo-256.png
		Project Logo\logo-32.png = Project Logo\logo-32.png
		Project Logo\logo-64.png = Project Logo\logo-64.png
		Project Logo\logo-modified.png = Project Logo\logo-modified.png
		Project Logo\logo-original.png = Project Logo\logo-original.png
	EndProjectSection
EndProject
Project("{2150E333-8FDC-42A3-9474-1A3956D46DE8}") = "Documentation", "Documentation", "{EFEDDCD8-239A-4197-B666-9A0D3795F8BC}"
	ProjectSection(SolutionItems) = preProject
		Documentation\SQLite Performance Tuning - MozillaWiki.pdf = Documentation\SQLite Performance Tuning - MozillaWiki.pdf
	EndProjectSection
EndProject
Project("{FAE04EC0-301F-11D3-BF4B-00C04F79EFBC}") = "KVLite.Examples.Nancy", "REST Service (Nancy)\KVLite.Examples.Nancy.csproj", "{ED638DD5-E755-4B7A-940D-5C94AB425686}"
EndProject
Project("{FAE04EC0-301F-11D3-BF4B-00C04F79EFBC}") = "KVLite.Examples.WebApi", "REST Service (WebAPI)\KVLite.Examples.WebApi.csproj", "{00CCC8C6-1415-4F6B-B830-1CBBB7F87CCF}"
EndProject
Project("{FAE04EC0-301F-11D3-BF4B-00C04F79EFBC}") = "KVLite.Examples", "Examples\KVLite.Examples.csproj", "{B5A6DAE9-7620-47A8-8D00-4CEB00117717}"
EndProject
Project("{FAE04EC0-301F-11D3-BF4B-00C04F79EFBC}") = "KVLite.NuGet.Core", "NuGet Packager (Core)\KVLite.NuGet.Core.csproj", "{BC783C22-1518-4F7A-944A-8E095C9B5930}"
EndProject
Project("{FAE04EC0-301F-11D3-BF4B-00C04F79EFBC}") = "KVLite.NuGet.Nancy", "KVLite.Nancy.NuGetPackager\KVLite.NuGet.Nancy.csproj", "{7CDA6E66-C207-4378-B476-77B50B0DC756}"
	ProjectSection(ProjectDependencies) = postProject
		{64145A81-F369-4863-B02B-D4C14ADB883E} = {64145A81-F369-4863-B02B-D4C14ADB883E}
		{6F8516A0-5E50-44B2-AA8F-A3AB285F513E} = {6F8516A0-5E50-44B2-AA8F-A3AB285F513E}
		{442146BE-4713-4D3F-BE9D-635FD50D70BB} = {442146BE-4713-4D3F-BE9D-635FD50D70BB}
	EndProjectSection
EndProject
Project("{FAE04EC0-301F-11D3-BF4B-00C04F79EFBC}") = "KVLite.NuGet.WebApi", "NuGet Packager (WebApi)\KVLite.NuGet.WebApi.csproj", "{5973B3A7-1F9A-49C8-BBD4-DE4CAEA1DC8B}"
EndProject
Project("{2150E333-8FDC-42A3-9474-1A3956D46DE8}") = "NuGet Packagers", "NuGet Packagers", "{A4471ECD-23FA-4D4E-B343-E2478BCABAE2}"
EndProject
Project("{2150E333-8FDC-42A3-9474-1A3956D46DE8}") = "Platform Specific", "Platform Specific", "{58F3B79E-836C-4A4C-B993-DF9983AEF5AA}"
EndProject
Project("{FAE04EC0-301F-11D3-BF4B-00C04F79EFBC}") = "KVLite.Nancy.NET40", "Platform Specific\KVLite.Nancy.NET40\KVLite.Nancy.NET40.csproj", "{442146BE-4713-4D3F-BE9D-635FD50D70BB}"
EndProject
Project("{FAE04EC0-301F-11D3-BF4B-00C04F79EFBC}") = "KVLite.Nancy.NET45", "Platform Specific\KVLite.Nancy.NET45\KVLite.Nancy.NET45.csproj", "{64145A81-F369-4863-B02B-D4C14ADB883E}"
EndProject
Project("{FAE04EC0-301F-11D3-BF4B-00C04F79EFBC}") = "KVLite.Nancy.NET46", "Platform Specific\KVLite.Nancy.NET46\KVLite.Nancy.NET46.csproj", "{6F8516A0-5E50-44B2-AA8F-A3AB285F513E}"
EndProject
Project("{D954291E-2A0B-460D-934E-DC6B0785DB48}") = "KVLite.Nancy", "KVLite.Nancy\KVLite.Nancy.shproj", "{7F11C0E7-F781-4543-A013-B129A72646A4}"
EndProject
Project("{FAE04EC0-301F-11D3-BF4B-00C04F79EFBC}") = "KVLite.NET40", "Platform Specific\KVLite.NET40\KVLite.NET40.csproj", "{B81FCA47-A533-4FFB-B202-F6E07668EB66}"
EndProject
Project("{FAE04EC0-301F-11D3-BF4B-00C04F79EFBC}") = "KVLite.WebApi.NET40", "Platform Specific\KVLite.WebApi.NET40\KVLite.WebApi.NET40.csproj", "{23B87A0B-DF68-432B-B75C-4D73AECFA6E3}"
EndProject
Project("{FAE04EC0-301F-11D3-BF4B-00C04F79EFBC}") = "KVLite.UnitTests.NET40", "Platform Specific\KVLite.UnitTests.NET40\KVLite.UnitTests.NET40.csproj", "{1A86A31D-04EC-4C7E-9489-17ED514D48F5}"
EndProject
Project("{FAE04EC0-301F-11D3-BF4B-00C04F79EFBC}") = "KVLite.NET45", "Platform Specific\KVLite.NET45\KVLite.NET45.csproj", "{E1FA772F-C6F4-4333-8BB6-8BF6F252CACB}"
EndProject
Project("{FAE04EC0-301F-11D3-BF4B-00C04F79EFBC}") = "KVLite.WebApi.NET45", "Platform Specific\KVLite.WebApi.NET45\KVLite.WebApi.NET45.csproj", "{CC96EA69-DCC3-4D9E-BB6A-ACED0C479EF3}"
EndProject
Project("{FAE04EC0-301F-11D3-BF4B-00C04F79EFBC}") = "KVLite.UnitTests.NET45", "Platform Specific\KVLite.UnitTests.NET45\KVLite.UnitTests.NET45.csproj", "{BBE6492A-198E-499E-ADD5-E8C904EC8182}"
EndProject
Project("{FAE04EC0-301F-11D3-BF4B-00C04F79EFBC}") = "KVLite.NET46", "Platform Specific\KVLite.NET46\KVLite.NET46.csproj", "{3768FF1C-ADE5-4C9D-9C00-CACB0CE40809}"
EndProject
Project("{FAE04EC0-301F-11D3-BF4B-00C04F79EFBC}") = "KVLite.UnitTests.NET46", "Platform Specific\KVLite.UnitTests.NET46\KVLite.UnitTests.NET46.csproj", "{2E3BF1DB-9D00-4061-9AD2-3CA3B8EC3D7D}"
EndProject
Project("{FAE04EC0-301F-11D3-BF4B-00C04F79EFBC}") = "KVLite.WebApi.NET46", "Platform Specific\KVLite.WebApi.NET46\KVLite.WebApi.NET46.csproj", "{3463D66A-BAC1-4E3C-AE69-B3D1CD12C13D}"
EndProject
Project("{D954291E-2A0B-460D-934E-DC6B0785DB48}") = "KVLite", "KVLite.Shared\KVLite.shproj", "{0FC92C9C-B90C-4D2F-9EE7-2F3C4B06FDD2}"
EndProject
Project("{D954291E-2A0B-460D-934E-DC6B0785DB48}") = "KVLite.WebApi", "KVLite.WebApi\KVLite.WebApi.shproj", "{09D76014-4670-4977-B9DB-6445649C862B}"
EndProject
Project("{D954291E-2A0B-460D-934E-DC6B0785DB48}") = "KVLite.UnitTests", "KVLite.UnitTests.Shared\KVLite.UnitTests.shproj", "{50E7C4C0-0723-41AA-BD2D-0B31CA2CC67D}"
EndProject
Global
	GlobalSection(SharedMSBuildProjectFiles) = preSolution
		KVLite.Nancy\KVLite.Nancy.projitems*{6f8516a0-5e50-44b2-aa8f-a3ab285f513e}*SharedItemsImports = 4
		KVLite.Shared\KVLite.Shared.projitems*{0fc92c9c-b90c-4d2f-9ee7-2f3c4b06fdd2}*SharedItemsImports = 13
		KVLite.Shared\KVLite.Shared.projitems*{e1fa772f-c6f4-4333-8bb6-8bf6f252cacb}*SharedItemsImports = 4
		KVLite.WebApi\KVLite.WebApi.projitems*{23b87a0b-df68-432b-b75c-4d73aecfa6e3}*SharedItemsImports = 4
		KVLite.WebApi\KVLite.WebApi.projitems*{cc96ea69-dcc3-4d9e-bb6a-aced0c479ef3}*SharedItemsImports = 4
		KVLite.Shared\KVLite.Shared.projitems*{b81fca47-a533-4ffb-b202-f6e07668eb66}*SharedItemsImports = 4
		KVLite.UnitTests.Shared\KVLite.UnitTests.Shared.projitems*{1a86a31d-04ec-4c7e-9489-17ed514d48f5}*SharedItemsImports = 4
		KVLite.WebApi\KVLite.WebApi.projitems*{09d76014-4670-4977-b9db-6445649c862b}*SharedItemsImports = 13
		KVLite.Nancy\KVLite.Nancy.projitems*{7f11c0e7-f781-4543-a013-b129a72646a4}*SharedItemsImports = 13
		KVLite.WebApi\KVLite.WebApi.projitems*{3463d66a-bac1-4e3c-ae69-b3d1cd12c13d}*SharedItemsImports = 4
		KVLite.Nancy\KVLite.Nancy.projitems*{64145a81-f369-4863-b02b-d4c14adb883e}*SharedItemsImports = 4
		KVLite.UnitTests.Shared\KVLite.UnitTests.Shared.projitems*{bbe6492a-198e-499e-add5-e8c904ec8182}*SharedItemsImports = 4
		KVLite.Shared\KVLite.Shared.projitems*{3768ff1c-ade5-4c9d-9c00-cacb0ce40809}*SharedItemsImports = 4
		KVLite.UnitTests.Shared\KVLite.UnitTests.Shared.projitems*{50e7c4c0-0723-41aa-bd2d-0b31ca2cc67d}*SharedItemsImports = 13
		KVLite.Nancy\KVLite.Nancy.projitems*{442146be-4713-4d3f-be9d-635fd50d70bb}*SharedItemsImports = 4
	EndGlobalSection
	GlobalSection(SolutionConfigurationPlatforms) = preSolution
		Debug|Any CPU = Debug|Any CPU
		Debug|x86 = Debug|x86
		Publish|Any CPU = Publish|Any CPU
		Publish|x86 = Publish|x86
		Release|Any CPU = Release|Any CPU
		Release|x86 = Release|x86
	EndGlobalSection
	GlobalSection(ProjectConfigurationPlatforms) = postSolution
		{0451BAEF-DF2E-4B98-8644-94EE9415E389}.Debug|Any CPU.ActiveCfg = Debug|Any CPU
		{0451BAEF-DF2E-4B98-8644-94EE9415E389}.Debug|x86.ActiveCfg = Debug|Any CPU
		{0451BAEF-DF2E-4B98-8644-94EE9415E389}.Publish|Any CPU.ActiveCfg = Debug|Any CPU
		{0451BAEF-DF2E-4B98-8644-94EE9415E389}.Publish|Any CPU.Build.0 = Debug|Any CPU
		{0451BAEF-DF2E-4B98-8644-94EE9415E389}.Publish|x86.ActiveCfg = Release|Any CPU
		{0451BAEF-DF2E-4B98-8644-94EE9415E389}.Release|Any CPU.ActiveCfg = Debug|Any CPU
		{0451BAEF-DF2E-4B98-8644-94EE9415E389}.Release|x86.ActiveCfg = Release|Any CPU
		{B082811A-E830-4CB0-8D7F-5FB31B001052}.Debug|Any CPU.ActiveCfg = Debug|Any CPU
		{B082811A-E830-4CB0-8D7F-5FB31B001052}.Debug|Any CPU.Build.0 = Debug|Any CPU
		{B082811A-E830-4CB0-8D7F-5FB31B001052}.Debug|x86.ActiveCfg = Debug|Any CPU
		{B082811A-E830-4CB0-8D7F-5FB31B001052}.Publish|Any CPU.ActiveCfg = Release|Any CPU
		{B082811A-E830-4CB0-8D7F-5FB31B001052}.Publish|x86.ActiveCfg = Release|Any CPU
		{B082811A-E830-4CB0-8D7F-5FB31B001052}.Release|Any CPU.ActiveCfg = Release|Any CPU
		{B082811A-E830-4CB0-8D7F-5FB31B001052}.Release|Any CPU.Build.0 = Release|Any CPU
		{B082811A-E830-4CB0-8D7F-5FB31B001052}.Release|x86.ActiveCfg = Release|Any CPU
		{ED638DD5-E755-4B7A-940D-5C94AB425686}.Debug|Any CPU.ActiveCfg = Debug|Any CPU
		{ED638DD5-E755-4B7A-940D-5C94AB425686}.Debug|Any CPU.Build.0 = Debug|Any CPU
		{ED638DD5-E755-4B7A-940D-5C94AB425686}.Debug|x86.ActiveCfg = Debug|Any CPU
		{ED638DD5-E755-4B7A-940D-5C94AB425686}.Publish|Any CPU.ActiveCfg = Release|Any CPU
		{ED638DD5-E755-4B7A-940D-5C94AB425686}.Publish|x86.ActiveCfg = Release|Any CPU
		{ED638DD5-E755-4B7A-940D-5C94AB425686}.Release|Any CPU.ActiveCfg = Release|Any CPU
		{ED638DD5-E755-4B7A-940D-5C94AB425686}.Release|Any CPU.Build.0 = Release|Any CPU
		{ED638DD5-E755-4B7A-940D-5C94AB425686}.Release|x86.ActiveCfg = Release|Any CPU
		{00CCC8C6-1415-4F6B-B830-1CBBB7F87CCF}.Debug|Any CPU.ActiveCfg = Debug|Any CPU
		{00CCC8C6-1415-4F6B-B830-1CBBB7F87CCF}.Debug|Any CPU.Build.0 = Debug|Any CPU
		{00CCC8C6-1415-4F6B-B830-1CBBB7F87CCF}.Debug|x86.ActiveCfg = Debug|Any CPU
		{00CCC8C6-1415-4F6B-B830-1CBBB7F87CCF}.Publish|Any CPU.ActiveCfg = Release|Any CPU
		{00CCC8C6-1415-4F6B-B830-1CBBB7F87CCF}.Publish|x86.ActiveCfg = Release|Any CPU
		{00CCC8C6-1415-4F6B-B830-1CBBB7F87CCF}.Release|Any CPU.ActiveCfg = Release|Any CPU
		{00CCC8C6-1415-4F6B-B830-1CBBB7F87CCF}.Release|Any CPU.Build.0 = Release|Any CPU
		{00CCC8C6-1415-4F6B-B830-1CBBB7F87CCF}.Release|x86.ActiveCfg = Release|Any CPU
		{B5A6DAE9-7620-47A8-8D00-4CEB00117717}.Debug|Any CPU.ActiveCfg = Debug|Any CPU
		{B5A6DAE9-7620-47A8-8D00-4CEB00117717}.Debug|Any CPU.Build.0 = Debug|Any CPU
		{B5A6DAE9-7620-47A8-8D00-4CEB00117717}.Debug|x86.ActiveCfg = Debug|Any CPU
		{B5A6DAE9-7620-47A8-8D00-4CEB00117717}.Publish|Any CPU.ActiveCfg = Release|Any CPU
		{B5A6DAE9-7620-47A8-8D00-4CEB00117717}.Publish|x86.ActiveCfg = Release|Any CPU
		{B5A6DAE9-7620-47A8-8D00-4CEB00117717}.Release|Any CPU.ActiveCfg = Release|Any CPU
		{B5A6DAE9-7620-47A8-8D00-4CEB00117717}.Release|Any CPU.Build.0 = Release|Any CPU
		{B5A6DAE9-7620-47A8-8D00-4CEB00117717}.Release|x86.ActiveCfg = Release|Any CPU
		{BC783C22-1518-4F7A-944A-8E095C9B5930}.Debug|Any CPU.ActiveCfg = Debug|Any CPU
		{BC783C22-1518-4F7A-944A-8E095C9B5930}.Debug|x86.ActiveCfg = Debug|Any CPU
		{BC783C22-1518-4F7A-944A-8E095C9B5930}.Publish|Any CPU.ActiveCfg = Debug|Any CPU
		{BC783C22-1518-4F7A-944A-8E095C9B5930}.Publish|Any CPU.Build.0 = Debug|Any CPU
		{BC783C22-1518-4F7A-944A-8E095C9B5930}.Publish|x86.ActiveCfg = Release|Any CPU
		{BC783C22-1518-4F7A-944A-8E095C9B5930}.Release|Any CPU.ActiveCfg = Debug|Any CPU
		{BC783C22-1518-4F7A-944A-8E095C9B5930}.Release|x86.ActiveCfg = Release|Any CPU
		{7CDA6E66-C207-4378-B476-77B50B0DC756}.Debug|Any CPU.ActiveCfg = Debug|Any CPU
		{7CDA6E66-C207-4378-B476-77B50B0DC756}.Debug|x86.ActiveCfg = Debug|Any CPU
		{7CDA6E66-C207-4378-B476-77B50B0DC756}.Publish|Any CPU.ActiveCfg = Debug|Any CPU
		{7CDA6E66-C207-4378-B476-77B50B0DC756}.Publish|Any CPU.Build.0 = Debug|Any CPU
		{7CDA6E66-C207-4378-B476-77B50B0DC756}.Publish|x86.ActiveCfg = Release|Any CPU
		{7CDA6E66-C207-4378-B476-77B50B0DC756}.Release|Any CPU.ActiveCfg = Debug|Any CPU
		{7CDA6E66-C207-4378-B476-77B50B0DC756}.Release|x86.ActiveCfg = Release|Any CPU
		{5973B3A7-1F9A-49C8-BBD4-DE4CAEA1DC8B}.Debug|Any CPU.ActiveCfg = Debug|Any CPU
		{5973B3A7-1F9A-49C8-BBD4-DE4CAEA1DC8B}.Debug|x86.ActiveCfg = Debug|Any CPU
		{5973B3A7-1F9A-49C8-BBD4-DE4CAEA1DC8B}.Publish|Any CPU.ActiveCfg = Debug|Any CPU
		{5973B3A7-1F9A-49C8-BBD4-DE4CAEA1DC8B}.Publish|Any CPU.Build.0 = Debug|Any CPU
		{5973B3A7-1F9A-49C8-BBD4-DE4CAEA1DC8B}.Publish|x86.ActiveCfg = Release|Any CPU
		{5973B3A7-1F9A-49C8-BBD4-DE4CAEA1DC8B}.Release|Any CPU.ActiveCfg = Debug|Any CPU
		{5973B3A7-1F9A-49C8-BBD4-DE4CAEA1DC8B}.Release|x86.ActiveCfg = Release|Any CPU
		{442146BE-4713-4D3F-BE9D-635FD50D70BB}.Debug|Any CPU.ActiveCfg = Debug|Any CPU
		{442146BE-4713-4D3F-BE9D-635FD50D70BB}.Debug|Any CPU.Build.0 = Debug|Any CPU
		{442146BE-4713-4D3F-BE9D-635FD50D70BB}.Debug|x86.ActiveCfg = Debug|Any CPU
		{442146BE-4713-4D3F-BE9D-635FD50D70BB}.Debug|x86.Build.0 = Debug|Any CPU
		{442146BE-4713-4D3F-BE9D-635FD50D70BB}.Publish|Any CPU.ActiveCfg = Release|Any CPU
		{442146BE-4713-4D3F-BE9D-635FD50D70BB}.Publish|Any CPU.Build.0 = Release|Any CPU
		{442146BE-4713-4D3F-BE9D-635FD50D70BB}.Publish|x86.ActiveCfg = Release|Any CPU
		{442146BE-4713-4D3F-BE9D-635FD50D70BB}.Publish|x86.Build.0 = Release|Any CPU
		{442146BE-4713-4D3F-BE9D-635FD50D70BB}.Release|Any CPU.ActiveCfg = Release|Any CPU
		{442146BE-4713-4D3F-BE9D-635FD50D70BB}.Release|Any CPU.Build.0 = Release|Any CPU
		{442146BE-4713-4D3F-BE9D-635FD50D70BB}.Release|x86.ActiveCfg = Release|Any CPU
		{442146BE-4713-4D3F-BE9D-635FD50D70BB}.Release|x86.Build.0 = Release|Any CPU
		{64145A81-F369-4863-B02B-D4C14ADB883E}.Debug|Any CPU.ActiveCfg = Debug|Any CPU
		{64145A81-F369-4863-B02B-D4C14ADB883E}.Debug|Any CPU.Build.0 = Debug|Any CPU
		{64145A81-F369-4863-B02B-D4C14ADB883E}.Debug|x86.ActiveCfg = Debug|Any CPU
		{64145A81-F369-4863-B02B-D4C14ADB883E}.Debug|x86.Build.0 = Debug|Any CPU
		{64145A81-F369-4863-B02B-D4C14ADB883E}.Publish|Any CPU.ActiveCfg = Release|Any CPU
		{64145A81-F369-4863-B02B-D4C14ADB883E}.Publish|Any CPU.Build.0 = Release|Any CPU
		{64145A81-F369-4863-B02B-D4C14ADB883E}.Publish|x86.ActiveCfg = Release|Any CPU
		{64145A81-F369-4863-B02B-D4C14ADB883E}.Publish|x86.Build.0 = Release|Any CPU
		{64145A81-F369-4863-B02B-D4C14ADB883E}.Release|Any CPU.ActiveCfg = Release|Any CPU
		{64145A81-F369-4863-B02B-D4C14ADB883E}.Release|Any CPU.Build.0 = Release|Any CPU
		{64145A81-F369-4863-B02B-D4C14ADB883E}.Release|x86.ActiveCfg = Release|Any CPU
		{64145A81-F369-4863-B02B-D4C14ADB883E}.Release|x86.Build.0 = Release|Any CPU
		{6F8516A0-5E50-44B2-AA8F-A3AB285F513E}.Debug|Any CPU.ActiveCfg = Debug|Any CPU
		{6F8516A0-5E50-44B2-AA8F-A3AB285F513E}.Debug|Any CPU.Build.0 = Debug|Any CPU
		{6F8516A0-5E50-44B2-AA8F-A3AB285F513E}.Debug|x86.ActiveCfg = Debug|Any CPU
		{6F8516A0-5E50-44B2-AA8F-A3AB285F513E}.Debug|x86.Build.0 = Debug|Any CPU
		{6F8516A0-5E50-44B2-AA8F-A3AB285F513E}.Publish|Any CPU.ActiveCfg = Release|Any CPU
		{6F8516A0-5E50-44B2-AA8F-A3AB285F513E}.Publish|Any CPU.Build.0 = Release|Any CPU
		{6F8516A0-5E50-44B2-AA8F-A3AB285F513E}.Publish|x86.ActiveCfg = Release|Any CPU
		{6F8516A0-5E50-44B2-AA8F-A3AB285F513E}.Publish|x86.Build.0 = Release|Any CPU
		{6F8516A0-5E50-44B2-AA8F-A3AB285F513E}.Release|Any CPU.ActiveCfg = Release|Any CPU
		{6F8516A0-5E50-44B2-AA8F-A3AB285F513E}.Release|Any CPU.Build.0 = Release|Any CPU
		{6F8516A0-5E50-44B2-AA8F-A3AB285F513E}.Release|x86.ActiveCfg = Release|Any CPU
		{6F8516A0-5E50-44B2-AA8F-A3AB285F513E}.Release|x86.Build.0 = Release|Any CPU
		{B81FCA47-A533-4FFB-B202-F6E07668EB66}.Debug|Any CPU.ActiveCfg = Debug|Any CPU
		{B81FCA47-A533-4FFB-B202-F6E07668EB66}.Debug|Any CPU.Build.0 = Debug|Any CPU
		{B81FCA47-A533-4FFB-B202-F6E07668EB66}.Debug|x86.ActiveCfg = Debug|Any CPU
		{B81FCA47-A533-4FFB-B202-F6E07668EB66}.Debug|x86.Build.0 = Debug|Any CPU
		{B81FCA47-A533-4FFB-B202-F6E07668EB66}.Publish|Any CPU.ActiveCfg = Release|Any CPU
		{B81FCA47-A533-4FFB-B202-F6E07668EB66}.Publish|Any CPU.Build.0 = Release|Any CPU
		{B81FCA47-A533-4FFB-B202-F6E07668EB66}.Publish|x86.ActiveCfg = Release|Any CPU
		{B81FCA47-A533-4FFB-B202-F6E07668EB66}.Publish|x86.Build.0 = Release|Any CPU
		{B81FCA47-A533-4FFB-B202-F6E07668EB66}.Release|Any CPU.ActiveCfg = Release|Any CPU
		{B81FCA47-A533-4FFB-B202-F6E07668EB66}.Release|Any CPU.Build.0 = Release|Any CPU
		{B81FCA47-A533-4FFB-B202-F6E07668EB66}.Release|x86.ActiveCfg = Release|Any CPU
		{B81FCA47-A533-4FFB-B202-F6E07668EB66}.Release|x86.Build.0 = Release|Any CPU
		{23B87A0B-DF68-432B-B75C-4D73AECFA6E3}.Debug|Any CPU.ActiveCfg = Debug|Any CPU
		{23B87A0B-DF68-432B-B75C-4D73AECFA6E3}.Debug|Any CPU.Build.0 = Debug|Any CPU
		{23B87A0B-DF68-432B-B75C-4D73AECFA6E3}.Debug|x86.ActiveCfg = Debug|Any CPU
		{23B87A0B-DF68-432B-B75C-4D73AECFA6E3}.Debug|x86.Build.0 = Debug|Any CPU
		{23B87A0B-DF68-432B-B75C-4D73AECFA6E3}.Publish|Any CPU.ActiveCfg = Release|Any CPU
		{23B87A0B-DF68-432B-B75C-4D73AECFA6E3}.Publish|Any CPU.Build.0 = Release|Any CPU
		{23B87A0B-DF68-432B-B75C-4D73AECFA6E3}.Publish|x86.ActiveCfg = Release|Any CPU
		{23B87A0B-DF68-432B-B75C-4D73AECFA6E3}.Publish|x86.Build.0 = Release|Any CPU
		{23B87A0B-DF68-432B-B75C-4D73AECFA6E3}.Release|Any CPU.ActiveCfg = Release|Any CPU
		{23B87A0B-DF68-432B-B75C-4D73AECFA6E3}.Release|Any CPU.Build.0 = Release|Any CPU
		{23B87A0B-DF68-432B-B75C-4D73AECFA6E3}.Release|x86.ActiveCfg = Release|Any CPU
		{23B87A0B-DF68-432B-B75C-4D73AECFA6E3}.Release|x86.Build.0 = Release|Any CPU
		{1A86A31D-04EC-4C7E-9489-17ED514D48F5}.Debug|Any CPU.ActiveCfg = Debug|Any CPU
		{1A86A31D-04EC-4C7E-9489-17ED514D48F5}.Debug|Any CPU.Build.0 = Debug|Any CPU
		{1A86A31D-04EC-4C7E-9489-17ED514D48F5}.Debug|x86.ActiveCfg = Debug|Any CPU
		{1A86A31D-04EC-4C7E-9489-17ED514D48F5}.Debug|x86.Build.0 = Debug|Any CPU
		{1A86A31D-04EC-4C7E-9489-17ED514D48F5}.Publish|Any CPU.ActiveCfg = Release|Any CPU
		{1A86A31D-04EC-4C7E-9489-17ED514D48F5}.Publish|Any CPU.Build.0 = Release|Any CPU
		{1A86A31D-04EC-4C7E-9489-17ED514D48F5}.Publish|x86.ActiveCfg = Release|Any CPU
		{1A86A31D-04EC-4C7E-9489-17ED514D48F5}.Publish|x86.Build.0 = Release|Any CPU
		{1A86A31D-04EC-4C7E-9489-17ED514D48F5}.Release|Any CPU.ActiveCfg = Release|Any CPU
		{1A86A31D-04EC-4C7E-9489-17ED514D48F5}.Release|Any CPU.Build.0 = Release|Any CPU
		{1A86A31D-04EC-4C7E-9489-17ED514D48F5}.Release|x86.ActiveCfg = Release|Any CPU
		{1A86A31D-04EC-4C7E-9489-17ED514D48F5}.Release|x86.Build.0 = Release|Any CPU
		{E1FA772F-C6F4-4333-8BB6-8BF6F252CACB}.Debug|Any CPU.ActiveCfg = Debug|Any CPU
		{E1FA772F-C6F4-4333-8BB6-8BF6F252CACB}.Debug|Any CPU.Build.0 = Debug|Any CPU
		{E1FA772F-C6F4-4333-8BB6-8BF6F252CACB}.Debug|x86.ActiveCfg = Debug|Any CPU
		{E1FA772F-C6F4-4333-8BB6-8BF6F252CACB}.Debug|x86.Build.0 = Debug|Any CPU
		{E1FA772F-C6F4-4333-8BB6-8BF6F252CACB}.Publish|Any CPU.ActiveCfg = Release|Any CPU
		{E1FA772F-C6F4-4333-8BB6-8BF6F252CACB}.Publish|Any CPU.Build.0 = Release|Any CPU
		{E1FA772F-C6F4-4333-8BB6-8BF6F252CACB}.Publish|x86.ActiveCfg = Release|Any CPU
		{E1FA772F-C6F4-4333-8BB6-8BF6F252CACB}.Publish|x86.Build.0 = Release|Any CPU
		{E1FA772F-C6F4-4333-8BB6-8BF6F252CACB}.Release|Any CPU.ActiveCfg = Release|Any CPU
		{E1FA772F-C6F4-4333-8BB6-8BF6F252CACB}.Release|Any CPU.Build.0 = Release|Any CPU
		{E1FA772F-C6F4-4333-8BB6-8BF6F252CACB}.Release|x86.ActiveCfg = Release|Any CPU
		{E1FA772F-C6F4-4333-8BB6-8BF6F252CACB}.Release|x86.Build.0 = Release|Any CPU
		{CC96EA69-DCC3-4D9E-BB6A-ACED0C479EF3}.Debug|Any CPU.ActiveCfg = Debug|Any CPU
		{CC96EA69-DCC3-4D9E-BB6A-ACED0C479EF3}.Debug|Any CPU.Build.0 = Debug|Any CPU
		{CC96EA69-DCC3-4D9E-BB6A-ACED0C479EF3}.Debug|x86.ActiveCfg = Debug|Any CPU
		{CC96EA69-DCC3-4D9E-BB6A-ACED0C479EF3}.Debug|x86.Build.0 = Debug|Any CPU
		{CC96EA69-DCC3-4D9E-BB6A-ACED0C479EF3}.Publish|Any CPU.ActiveCfg = Release|Any CPU
		{CC96EA69-DCC3-4D9E-BB6A-ACED0C479EF3}.Publish|Any CPU.Build.0 = Release|Any CPU
		{CC96EA69-DCC3-4D9E-BB6A-ACED0C479EF3}.Publish|x86.ActiveCfg = Release|Any CPU
		{CC96EA69-DCC3-4D9E-BB6A-ACED0C479EF3}.Publish|x86.Build.0 = Release|Any CPU
		{CC96EA69-DCC3-4D9E-BB6A-ACED0C479EF3}.Release|Any CPU.ActiveCfg = Release|Any CPU
		{CC96EA69-DCC3-4D9E-BB6A-ACED0C479EF3}.Release|Any CPU.Build.0 = Release|Any CPU
		{CC96EA69-DCC3-4D9E-BB6A-ACED0C479EF3}.Release|x86.ActiveCfg = Release|Any CPU
		{CC96EA69-DCC3-4D9E-BB6A-ACED0C479EF3}.Release|x86.Build.0 = Release|Any CPU
		{BBE6492A-198E-499E-ADD5-E8C904EC8182}.Debug|Any CPU.ActiveCfg = Debug|Any CPU
		{BBE6492A-198E-499E-ADD5-E8C904EC8182}.Debug|Any CPU.Build.0 = Debug|Any CPU
		{BBE6492A-198E-499E-ADD5-E8C904EC8182}.Debug|x86.ActiveCfg = Debug|Any CPU
		{BBE6492A-198E-499E-ADD5-E8C904EC8182}.Debug|x86.Build.0 = Debug|Any CPU
		{BBE6492A-198E-499E-ADD5-E8C904EC8182}.Publish|Any CPU.ActiveCfg = Release|Any CPU
		{BBE6492A-198E-499E-ADD5-E8C904EC8182}.Publish|Any CPU.Build.0 = Release|Any CPU
		{BBE6492A-198E-499E-ADD5-E8C904EC8182}.Publish|x86.ActiveCfg = Release|Any CPU
		{BBE6492A-198E-499E-ADD5-E8C904EC8182}.Publish|x86.Build.0 = Release|Any CPU
		{BBE6492A-198E-499E-ADD5-E8C904EC8182}.Release|Any CPU.ActiveCfg = Release|Any CPU
		{BBE6492A-198E-499E-ADD5-E8C904EC8182}.Release|Any CPU.Build.0 = Release|Any CPU
		{BBE6492A-198E-499E-ADD5-E8C904EC8182}.Release|x86.ActiveCfg = Release|Any CPU
		{BBE6492A-198E-499E-ADD5-E8C904EC8182}.Release|x86.Build.0 = Release|Any CPU
		{3768FF1C-ADE5-4C9D-9C00-CACB0CE40809}.Debug|Any CPU.ActiveCfg = Debug|Any CPU
		{3768FF1C-ADE5-4C9D-9C00-CACB0CE40809}.Debug|Any CPU.Build.0 = Debug|Any CPU
		{3768FF1C-ADE5-4C9D-9C00-CACB0CE40809}.Debug|x86.ActiveCfg = Debug|Any CPU
		{3768FF1C-ADE5-4C9D-9C00-CACB0CE40809}.Debug|x86.Build.0 = Debug|Any CPU
		{3768FF1C-ADE5-4C9D-9C00-CACB0CE40809}.Publish|Any CPU.ActiveCfg = Release|Any CPU
		{3768FF1C-ADE5-4C9D-9C00-CACB0CE40809}.Publish|Any CPU.Build.0 = Release|Any CPU
		{3768FF1C-ADE5-4C9D-9C00-CACB0CE40809}.Publish|x86.ActiveCfg = Release|Any CPU
		{3768FF1C-ADE5-4C9D-9C00-CACB0CE40809}.Publish|x86.Build.0 = Release|Any CPU
		{3768FF1C-ADE5-4C9D-9C00-CACB0CE40809}.Release|Any CPU.ActiveCfg = Release|Any CPU
		{3768FF1C-ADE5-4C9D-9C00-CACB0CE40809}.Release|Any CPU.Build.0 = Release|Any CPU
		{3768FF1C-ADE5-4C9D-9C00-CACB0CE40809}.Release|x86.ActiveCfg = Release|Any CPU
		{3768FF1C-ADE5-4C9D-9C00-CACB0CE40809}.Release|x86.Build.0 = Release|Any CPU
		{2E3BF1DB-9D00-4061-9AD2-3CA3B8EC3D7D}.Debug|Any CPU.ActiveCfg = Debug|Any CPU
		{2E3BF1DB-9D00-4061-9AD2-3CA3B8EC3D7D}.Debug|Any CPU.Build.0 = Debug|Any CPU
		{2E3BF1DB-9D00-4061-9AD2-3CA3B8EC3D7D}.Debug|x86.ActiveCfg = Debug|Any CPU
		{2E3BF1DB-9D00-4061-9AD2-3CA3B8EC3D7D}.Debug|x86.Build.0 = Debug|Any CPU
		{2E3BF1DB-9D00-4061-9AD2-3CA3B8EC3D7D}.Publish|Any CPU.ActiveCfg = Release|Any CPU
		{2E3BF1DB-9D00-4061-9AD2-3CA3B8EC3D7D}.Publish|Any CPU.Build.0 = Release|Any CPU
		{2E3BF1DB-9D00-4061-9AD2-3CA3B8EC3D7D}.Publish|x86.ActiveCfg = Release|Any CPU
		{2E3BF1DB-9D00-4061-9AD2-3CA3B8EC3D7D}.Publish|x86.Build.0 = Release|Any CPU
		{2E3BF1DB-9D00-4061-9AD2-3CA3B8EC3D7D}.Release|Any CPU.ActiveCfg = Release|Any CPU
		{2E3BF1DB-9D00-4061-9AD2-3CA3B8EC3D7D}.Release|Any CPU.Build.0 = Release|Any CPU
		{2E3BF1DB-9D00-4061-9AD2-3CA3B8EC3D7D}.Release|x86.ActiveCfg = Release|Any CPU
		{2E3BF1DB-9D00-4061-9AD2-3CA3B8EC3D7D}.Release|x86.Build.0 = Release|Any CPU
		{3463D66A-BAC1-4E3C-AE69-B3D1CD12C13D}.Debug|Any CPU.ActiveCfg = Debug|Any CPU
		{3463D66A-BAC1-4E3C-AE69-B3D1CD12C13D}.Debug|Any CPU.Build.0 = Debug|Any CPU
		{3463D66A-BAC1-4E3C-AE69-B3D1CD12C13D}.Debug|x86.ActiveCfg = Debug|Any CPU
		{3463D66A-BAC1-4E3C-AE69-B3D1CD12C13D}.Debug|x86.Build.0 = Debug|Any CPU
		{3463D66A-BAC1-4E3C-AE69-B3D1CD12C13D}.Publish|Any CPU.ActiveCfg = Release|Any CPU
		{3463D66A-BAC1-4E3C-AE69-B3D1CD12C13D}.Publish|Any CPU.Build.0 = Release|Any CPU
		{3463D66A-BAC1-4E3C-AE69-B3D1CD12C13D}.Publish|x86.ActiveCfg = Release|Any CPU
		{3463D66A-BAC1-4E3C-AE69-B3D1CD12C13D}.Publish|x86.Build.0 = Release|Any CPU
		{3463D66A-BAC1-4E3C-AE69-B3D1CD12C13D}.Release|Any CPU.ActiveCfg = Release|Any CPU
		{3463D66A-BAC1-4E3C-AE69-B3D1CD12C13D}.Release|Any CPU.Build.0 = Release|Any CPU
		{3463D66A-BAC1-4E3C-AE69-B3D1CD12C13D}.Release|x86.ActiveCfg = Release|Any CPU
		{3463D66A-BAC1-4E3C-AE69-B3D1CD12C13D}.Release|x86.Build.0 = Release|Any CPU
	EndGlobalSection
	GlobalSection(SolutionProperties) = preSolution
		HideSolutionNode = FALSE
	EndGlobalSection
	GlobalSection(NestedProjects) = preSolution
		{0451BAEF-DF2E-4B98-8644-94EE9415E389} = {A4471ECD-23FA-4D4E-B343-E2478BCABAE2}
		{BC783C22-1518-4F7A-944A-8E095C9B5930} = {A4471ECD-23FA-4D4E-B343-E2478BCABAE2}
		{7CDA6E66-C207-4378-B476-77B50B0DC756} = {A4471ECD-23FA-4D4E-B343-E2478BCABAE2}
		{5973B3A7-1F9A-49C8-BBD4-DE4CAEA1DC8B} = {A4471ECD-23FA-4D4E-B343-E2478BCABAE2}
		{442146BE-4713-4D3F-BE9D-635FD50D70BB} = {58F3B79E-836C-4A4C-B993-DF9983AEF5AA}
		{64145A81-F369-4863-B02B-D4C14ADB883E} = {58F3B79E-836C-4A4C-B993-DF9983AEF5AA}
		{6F8516A0-5E50-44B2-AA8F-A3AB285F513E} = {58F3B79E-836C-4A4C-B993-DF9983AEF5AA}
		{B81FCA47-A533-4FFB-B202-F6E07668EB66} = {58F3B79E-836C-4A4C-B993-DF9983AEF5AA}
		{23B87A0B-DF68-432B-B75C-4D73AECFA6E3} = {58F3B79E-836C-4A4C-B993-DF9983AEF5AA}
		{1A86A31D-04EC-4C7E-9489-17ED514D48F5} = {58F3B79E-836C-4A4C-B993-DF9983AEF5AA}
		{E1FA772F-C6F4-4333-8BB6-8BF6F252CACB} = {58F3B79E-836C-4A4C-B993-DF9983AEF5AA}
		{CC96EA69-DCC3-4D9E-BB6A-ACED0C479EF3} = {58F3B79E-836C-4A4C-B993-DF9983AEF5AA}
		{BBE6492A-198E-499E-ADD5-E8C904EC8182} = {58F3B79E-836C-4A4C-B993-DF9983AEF5AA}
		{3768FF1C-ADE5-4C9D-9C00-CACB0CE40809} = {58F3B79E-836C-4A4C-B993-DF9983AEF5AA}
		{2E3BF1DB-9D00-4061-9AD2-3CA3B8EC3D7D} = {58F3B79E-836C-4A4C-B993-DF9983AEF5AA}
		{3463D66A-BAC1-4E3C-AE69-B3D1CD12C13D} = {58F3B79E-836C-4A4C-B993-DF9983AEF5AA}
	EndGlobalSection
EndGlobal
